// !$*UTF8*$!
{
	archiveVersion = 1;
	classes = {
	};
	objectVersion = 46;
	objects = {

/* Begin PBXBuildFile section */
		5C4198AD1DC931E5001AE483 /* engine_data in Resources */ = {isa = PBXBuildFile; fileRef = 5C4198AC1DC931E5001AE483 /* engine_data */; };
		5C4990261DC7E9FA00B7353C /* libet-static-mac.a in Frameworks */ = {isa = PBXBuildFile; fileRef = 5C498FDA1DC7BD3E00B7353C /* libet-static-mac.a */; };
		5C49902A1DC7EA8600B7353C /* Metal.framework in Frameworks */ = {isa = PBXBuildFile; fileRef = 5C4990281DC7EA8600B7353C /* Metal.framework */; };
		5C49902B1DC7EA8600B7353C /* MetalKit.framework in Frameworks */ = {isa = PBXBuildFile; fileRef = 5C4990291DC7EA8600B7353C /* MetalKit.framework */; };
		5C49902D1DC7EA8E00B7353C /* QuartzCore.framework in Frameworks */ = {isa = PBXBuildFile; fileRef = 5C49902C1DC7EA8E00B7353C /* QuartzCore.framework */; };
		5C49902E1DC7EACE00B7353C /* scene2d.pack.cxx in Sources */ = {isa = PBXBuildFile; fileRef = 5C4990241DC7BE0800B7353C /* scene2d.pack.cxx */; };
		A5896C0718A0289600962607 /* MainUI.cpp in Sources */ = {isa = PBXBuildFile; fileRef = A5896C0518A0289600962607 /* MainUI.cpp */; };
		A5896C0B18A02BF500962607 /* ResourceManager.cpp in Sources */ = {isa = PBXBuildFile; fileRef = A5896C0818A028FC00962607 /* ResourceManager.cpp */; };
		A5F0940A18A00A440017B239 /* main.cpp in Sources */ = {isa = PBXBuildFile; fileRef = A5F0940718A00A440017B239 /* main.cpp */; };
		A5F0940B18A00A440017B239 /* MainController.cpp in Sources */ = {isa = PBXBuildFile; fileRef = A5F0940818A00A440017B239 /* MainController.cpp */; };
		A5F0958718A00C0C0017B239 /* Foundation.framework in Frameworks */ = {isa = PBXBuildFile; fileRef = A5F0958618A00C0C0017B239 /* Foundation.framework */; };
		A5F0958918A00C0F0017B239 /* CoreGraphics.framework in Frameworks */ = {isa = PBXBuildFile; fileRef = A5F0958818A00C0F0017B239 /* CoreGraphics.framework */; };
		A5F0958B18A00C120017B239 /* OpenGL.framework in Frameworks */ = {isa = PBXBuildFile; fileRef = A5F0958A18A00C120017B239 /* OpenGL.framework */; };
		A5F0958F18A00C1B0017B239 /* CoreVideo.framework in Frameworks */ = {isa = PBXBuildFile; fileRef = A5F0958E18A00C1B0017B239 /* CoreVideo.framework */; };
		A5F0959118A00C200017B239 /* AppKit.framework in Frameworks */ = {isa = PBXBuildFile; fileRef = A5F0959018A00C200017B239 /* AppKit.framework */; };
/* End PBXBuildFile section */

/* Begin PBXContainerItemProxy section */
		5C498FD91DC7BD3E00B7353C /* PBXContainerItemProxy */ = {
			isa = PBXContainerItemProxy;
			containerPortal = 5C498FD51DC7BD3E00B7353C /* et-static-mac.xcodeproj */;
			proxyType = 2;
			remoteGlobalIDString = 6EBE15B11C66B4AD00AF7206;
			remoteInfo = "et-static-mac";
		};
/* End PBXContainerItemProxy section */

/* Begin PBXCopyFilesBuildPhase section */
		A5F093F818A00A1E0017B239 /* CopyFiles */ = {
			isa = PBXCopyFilesBuildPhase;
			buildActionMask = 12;
			dstPath = "";
			dstSubfolderSpec = 16;
			files = (
			);
			runOnlyForDeploymentPostprocessing = 0;
		};
/* End PBXCopyFilesBuildPhase section */

/* Begin PBXFileReference section */
		5C4198AC1DC931E5001AE483 /* engine_data */ = {isa = PBXFileReference; lastKnownFileType = folder; name = engine_data; path = ../../../../et/engine_data; sourceTree = "<group>"; };
		5C498FD51DC7BD3E00B7353C /* et-static-mac.xcodeproj */ = {isa = PBXFileReference; lastKnownFileType = "wrapper.pb-project"; name = "et-static-mac.xcodeproj"; path = "../../../../et/projects/et-static-mac.xcodeproj"; sourceTree = "<group>"; };
		5C498FDC1DC7BE0400B7353C /* baseclasses.h */ = {isa = PBXFileReference; fileEncoding = 4; lastKnownFileType = sourcecode.c.h; path = baseclasses.h; sourceTree = "<group>"; };
		5C498FDD1DC7BE0400B7353C /* baseconst.h */ = {isa = PBXFileReference; fileEncoding = 4; lastKnownFileType = sourcecode.c.h; path = baseconst.h; sourceTree = "<group>"; };
		5C498FDE1DC7BE0400B7353C /* button.cpp */ = {isa = PBXFileReference; fileEncoding = 4; lastKnownFileType = sourcecode.cpp.cpp; path = button.cpp; sourceTree = "<group>"; };
		5C498FDF1DC7BE0400B7353C /* button.h */ = {isa = PBXFileReference; fileEncoding = 4; lastKnownFileType = sourcecode.c.h; path = button.h; sourceTree = "<group>"; };
		5C498FE01DC7BE0400B7353C /* charactergenerator.cpp */ = {isa = PBXFileReference; fileEncoding = 4; lastKnownFileType = sourcecode.cpp.cpp; path = charactergenerator.cpp; sourceTree = "<group>"; };
		5C498FE11DC7BE0400B7353C /* charactergenerator.h */ = {isa = PBXFileReference; fileEncoding = 4; lastKnownFileType = sourcecode.c.h; path = charactergenerator.h; sourceTree = "<group>"; };
		5C498FE21DC7BE0400B7353C /* charactergenerator.impl.cpp */ = {isa = PBXFileReference; fileEncoding = 4; lastKnownFileType = sourcecode.cpp.cpp; path = charactergenerator.impl.cpp; sourceTree = "<group>"; };
		5C498FE31DC7BE0400B7353C /* element2d.cpp */ = {isa = PBXFileReference; fileEncoding = 4; lastKnownFileType = sourcecode.cpp.cpp; path = element2d.cpp; sourceTree = "<group>"; };
		5C498FE41DC7BE0400B7353C /* element2d.h */ = {isa = PBXFileReference; fileEncoding = 4; lastKnownFileType = sourcecode.c.h; path = element2d.h; sourceTree = "<group>"; };
		5C498FE51DC7BE0400B7353C /* font.cpp */ = {isa = PBXFileReference; fileEncoding = 4; lastKnownFileType = sourcecode.cpp.cpp; path = font.cpp; sourceTree = "<group>"; };
		5C498FE61DC7BE0400B7353C /* font.h */ = {isa = PBXFileReference; fileEncoding = 4; lastKnownFileType = sourcecode.c.h; path = font.h; sourceTree = "<group>"; };
		5C498FE71DC7BE0400B7353C /* fontbase.h */ = {isa = PBXFileReference; fileEncoding = 4; lastKnownFileType = sourcecode.c.h; path = fontbase.h; sourceTree = "<group>"; };
		5C498FE81DC7BE0400B7353C /* fullscreenelement.cpp */ = {isa = PBXFileReference; fileEncoding = 4; lastKnownFileType = sourcecode.cpp.cpp; path = fullscreenelement.cpp; sourceTree = "<group>"; };
		5C498FE91DC7BE0400B7353C /* fullscreenelement.h */ = {isa = PBXFileReference; fileEncoding = 4; lastKnownFileType = sourcecode.c.h; path = fullscreenelement.h; sourceTree = "<group>"; };
		5C498FEA1DC7BE0400B7353C /* imageview.cpp */ = {isa = PBXFileReference; fileEncoding = 4; lastKnownFileType = sourcecode.cpp.cpp; path = imageview.cpp; sourceTree = "<group>"; };
		5C498FEB1DC7BE0400B7353C /* imageview.h */ = {isa = PBXFileReference; fileEncoding = 4; lastKnownFileType = sourcecode.c.h; path = imageview.h; sourceTree = "<group>"; };
		5C498FEC1DC7BE0400B7353C /* label.cpp */ = {isa = PBXFileReference; fileEncoding = 4; lastKnownFileType = sourcecode.cpp.cpp; path = label.cpp; sourceTree = "<group>"; };
		5C498FED1DC7BE0400B7353C /* label.h */ = {isa = PBXFileReference; fileEncoding = 4; lastKnownFileType = sourcecode.c.h; path = label.h; sourceTree = "<group>"; };
		5C498FEE1DC7BE0400B7353C /* layout.cpp */ = {isa = PBXFileReference; fileEncoding = 4; lastKnownFileType = sourcecode.cpp.cpp; path = layout.cpp; sourceTree = "<group>"; };
		5C498FEF1DC7BE0400B7353C /* layout.h */ = {isa = PBXFileReference; fileEncoding = 4; lastKnownFileType = sourcecode.c.h; path = layout.h; sourceTree = "<group>"; };
		5C498FF01DC7BE0400B7353C /* line.cpp */ = {isa = PBXFileReference; fileEncoding = 4; lastKnownFileType = sourcecode.cpp.cpp; path = line.cpp; sourceTree = "<group>"; };
		5C498FF11DC7BE0400B7353C /* line.h */ = {isa = PBXFileReference; fileEncoding = 4; lastKnownFileType = sourcecode.c.h; path = line.h; sourceTree = "<group>"; };
		5C498FF21DC7BE0400B7353C /* listbox.cpp */ = {isa = PBXFileReference; fileEncoding = 4; lastKnownFileType = sourcecode.cpp.cpp; path = listbox.cpp; sourceTree = "<group>"; };
		5C498FF31DC7BE0400B7353C /* listbox.h */ = {isa = PBXFileReference; fileEncoding = 4; lastKnownFileType = sourcecode.c.h; path = listbox.h; sourceTree = "<group>"; };
		5C498FF41DC7BE0400B7353C /* particleselement.cpp */ = {isa = PBXFileReference; fileEncoding = 4; lastKnownFileType = sourcecode.cpp.cpp; path = particleselement.cpp; sourceTree = "<group>"; };
		5C498FF51DC7BE0400B7353C /* particleselement.h */ = {isa = PBXFileReference; fileEncoding = 4; lastKnownFileType = sourcecode.c.h; path = particleselement.h; sourceTree = "<group>"; };
		5C498FF61DC7BE0400B7353C /* renderingelement.cpp */ = {isa = PBXFileReference; fileEncoding = 4; lastKnownFileType = sourcecode.cpp.cpp; path = renderingelement.cpp; sourceTree = "<group>"; };
		5C498FF71DC7BE0400B7353C /* renderingelement.h */ = {isa = PBXFileReference; fileEncoding = 4; lastKnownFileType = sourcecode.c.h; path = renderingelement.h; sourceTree = "<group>"; };
		5C498FF81DC7BE0400B7353C /* scene.cpp */ = {isa = PBXFileReference; fileEncoding = 4; lastKnownFileType = sourcecode.cpp.cpp; path = scene.cpp; sourceTree = "<group>"; };
		5C498FF91DC7BE0400B7353C /* scene.h */ = {isa = PBXFileReference; fileEncoding = 4; lastKnownFileType = sourcecode.c.h; path = scene.h; sourceTree = "<group>"; };
		5C498FFA1DC7BE0400B7353C /* scenerenderer.cpp */ = {isa = PBXFileReference; fileEncoding = 4; lastKnownFileType = sourcecode.cpp.cpp; path = scenerenderer.cpp; sourceTree = "<group>"; };
		5C498FFB1DC7BE0400B7353C /* scenerenderer.h */ = {isa = PBXFileReference; fileEncoding = 4; lastKnownFileType = sourcecode.c.h; path = scenerenderer.h; sourceTree = "<group>"; };
		5C498FFC1DC7BE0400B7353C /* scroll.cpp */ = {isa = PBXFileReference; fileEncoding = 4; lastKnownFileType = sourcecode.cpp.cpp; path = scroll.cpp; sourceTree = "<group>"; };
		5C498FFD1DC7BE0400B7353C /* scroll.h */ = {isa = PBXFileReference; fileEncoding = 4; lastKnownFileType = sourcecode.c.h; path = scroll.h; sourceTree = "<group>"; };
		5C498FFE1DC7BE0400B7353C /* slider.cpp */ = {isa = PBXFileReference; fileEncoding = 4; lastKnownFileType = sourcecode.cpp.cpp; path = slider.cpp; sourceTree = "<group>"; };
		5C498FFF1DC7BE0400B7353C /* slider.h */ = {isa = PBXFileReference; fileEncoding = 4; lastKnownFileType = sourcecode.c.h; path = slider.h; sourceTree = "<group>"; };
		5C4990001DC7BE0400B7353C /* table.cpp */ = {isa = PBXFileReference; fileEncoding = 4; lastKnownFileType = sourcecode.cpp.cpp; path = table.cpp; sourceTree = "<group>"; };
		5C4990011DC7BE0400B7353C /* table.h */ = {isa = PBXFileReference; fileEncoding = 4; lastKnownFileType = sourcecode.c.h; path = table.h; sourceTree = "<group>"; };
		5C4990021DC7BE0400B7353C /* textelement.cpp */ = {isa = PBXFileReference; fileEncoding = 4; lastKnownFileType = sourcecode.cpp.cpp; path = textelement.cpp; sourceTree = "<group>"; };
		5C4990031DC7BE0400B7353C /* textelement.h */ = {isa = PBXFileReference; fileEncoding = 4; lastKnownFileType = sourcecode.c.h; path = textelement.h; sourceTree = "<group>"; };
		5C4990041DC7BE0400B7353C /* textfield.cpp */ = {isa = PBXFileReference; fileEncoding = 4; lastKnownFileType = sourcecode.cpp.cpp; path = textfield.cpp; sourceTree = "<group>"; };
		5C4990051DC7BE0400B7353C /* textfield.h */ = {isa = PBXFileReference; fileEncoding = 4; lastKnownFileType = sourcecode.c.h; path = textfield.h; sourceTree = "<group>"; };
		5C4990061DC7BE0400B7353C /* textureatlas.cpp */ = {isa = PBXFileReference; fileEncoding = 4; lastKnownFileType = sourcecode.cpp.cpp; path = textureatlas.cpp; sourceTree = "<group>"; };
		5C4990071DC7BE0400B7353C /* textureatlas.h */ = {isa = PBXFileReference; fileEncoding = 4; lastKnownFileType = sourcecode.c.h; path = textureatlas.h; sourceTree = "<group>"; };
		5C4990081DC7BE0400B7353C /* textureatlaswriter.cpp */ = {isa = PBXFileReference; fileEncoding = 4; lastKnownFileType = sourcecode.cpp.cpp; path = textureatlaswriter.cpp; sourceTree = "<group>"; };
		5C4990091DC7BE0400B7353C /* textureatlaswriter.h */ = {isa = PBXFileReference; fileEncoding = 4; lastKnownFileType = sourcecode.c.h; path = textureatlaswriter.h; sourceTree = "<group>"; };
		5C49900A1DC7BE0400B7353C /* vertexbuilder.cpp */ = {isa = PBXFileReference; fileEncoding = 4; lastKnownFileType = sourcecode.cpp.cpp; path = vertexbuilder.cpp; sourceTree = "<group>"; };
		5C49900B1DC7BE0400B7353C /* vertexbuilder.h */ = {isa = PBXFileReference; fileEncoding = 4; lastKnownFileType = sourcecode.c.h; path = vertexbuilder.h; sourceTree = "<group>"; };
		5C4990241DC7BE0800B7353C /* scene2d.pack.cxx */ = {isa = PBXFileReference; fileEncoding = 4; lastKnownFileType = sourcecode.cpp.cpp; path = scene2d.pack.cxx; sourceTree = "<group>"; };
		5C4990281DC7EA8600B7353C /* Metal.framework */ = {isa = PBXFileReference; lastKnownFileType = wrapper.framework; name = Metal.framework; path = System/Library/Frameworks/Metal.framework; sourceTree = SDKROOT; };
		5C4990291DC7EA8600B7353C /* MetalKit.framework */ = {isa = PBXFileReference; lastKnownFileType = wrapper.framework; name = MetalKit.framework; path = System/Library/Frameworks/MetalKit.framework; sourceTree = SDKROOT; };
		5C49902C1DC7EA8E00B7353C /* QuartzCore.framework */ = {isa = PBXFileReference; lastKnownFileType = wrapper.framework; name = QuartzCore.framework; path = System/Library/Frameworks/QuartzCore.framework; sourceTree = SDKROOT; };
		A5896C0518A0289600962607 /* MainUI.cpp */ = {isa = PBXFileReference; fileEncoding = 4; lastKnownFileType = sourcecode.cpp.cpp; name = MainUI.cpp; path = ../source/ui/MainUI.cpp; sourceTree = "<group>"; };
		A5896C0618A0289600962607 /* MainUI.h */ = {isa = PBXFileReference; fileEncoding = 4; lastKnownFileType = sourcecode.c.h; name = MainUI.h; path = ../source/ui/MainUI.h; sourceTree = "<group>"; };
		A5896C0818A028FC00962607 /* ResourceManager.cpp */ = {isa = PBXFileReference; fileEncoding = 4; lastKnownFileType = sourcecode.cpp.cpp; name = ResourceManager.cpp; path = ../source/ui/ResourceManager.cpp; sourceTree = "<group>"; };
		A5896C0918A028FC00962607 /* ResourceManager.h */ = {isa = PBXFileReference; fileEncoding = 4; lastKnownFileType = sourcecode.c.h; name = ResourceManager.h; path = ../source/ui/ResourceManager.h; sourceTree = "<group>"; };
		A5F093FA18A00A1E0017B239 /* EnvMapBlur.app */ = {isa = PBXFileReference; explicitFileType = wrapper.application; includeInIndex = 0; path = EnvMapBlur.app; sourceTree = BUILT_PRODUCTS_DIR; };
		A5F0940718A00A440017B239 /* main.cpp */ = {isa = PBXFileReference; fileEncoding = 4; lastKnownFileType = sourcecode.cpp.cpp; name = main.cpp; path = ../source/main.cpp; sourceTree = "<group>"; };
		A5F0940818A00A440017B239 /* MainController.cpp */ = {isa = PBXFileReference; fileEncoding = 4; lastKnownFileType = sourcecode.cpp.cpp; name = MainController.cpp; path = ../source/MainController.cpp; sourceTree = "<group>"; };
		A5F0940918A00A440017B239 /* MainController.h */ = {isa = PBXFileReference; fileEncoding = 4; lastKnownFileType = sourcecode.c.h; name = MainController.h; path = ../source/MainController.h; sourceTree = "<group>"; };
		A5F0958618A00C0C0017B239 /* Foundation.framework */ = {isa = PBXFileReference; lastKnownFileType = wrapper.framework; name = Foundation.framework; path = System/Library/Frameworks/Foundation.framework; sourceTree = SDKROOT; };
		A5F0958818A00C0F0017B239 /* CoreGraphics.framework */ = {isa = PBXFileReference; lastKnownFileType = wrapper.framework; name = CoreGraphics.framework; path = System/Library/Frameworks/CoreGraphics.framework; sourceTree = SDKROOT; };
		A5F0958A18A00C120017B239 /* OpenGL.framework */ = {isa = PBXFileReference; lastKnownFileType = wrapper.framework; name = OpenGL.framework; path = System/Library/Frameworks/OpenGL.framework; sourceTree = SDKROOT; };
		A5F0958E18A00C1B0017B239 /* CoreVideo.framework */ = {isa = PBXFileReference; lastKnownFileType = wrapper.framework; name = CoreVideo.framework; path = System/Library/Frameworks/CoreVideo.framework; sourceTree = SDKROOT; };
		A5F0959018A00C200017B239 /* AppKit.framework */ = {isa = PBXFileReference; lastKnownFileType = wrapper.framework; name = AppKit.framework; path = System/Library/Frameworks/AppKit.framework; sourceTree = SDKROOT; };
		A5F095D718A00F300017B239 /* EnvMapBlur-Info.plist */ = {isa = PBXFileReference; lastKnownFileType = text.plist.xml; path = "EnvMapBlur-Info.plist"; sourceTree = "<group>"; };
/* End PBXFileReference section */

/* Begin PBXFrameworksBuildPhase section */
		A5F093F718A00A1E0017B239 /* Frameworks */ = {
			isa = PBXFrameworksBuildPhase;
			buildActionMask = 2147483647;
			files = (
				5C49902D1DC7EA8E00B7353C /* QuartzCore.framework in Frameworks */,
				5C49902A1DC7EA8600B7353C /* Metal.framework in Frameworks */,
				5C49902B1DC7EA8600B7353C /* MetalKit.framework in Frameworks */,
				5C4990261DC7E9FA00B7353C /* libet-static-mac.a in Frameworks */,
				A5F0959118A00C200017B239 /* AppKit.framework in Frameworks */,
				A5F0958F18A00C1B0017B239 /* CoreVideo.framework in Frameworks */,
				A5F0958B18A00C120017B239 /* OpenGL.framework in Frameworks */,
				A5F0958918A00C0F0017B239 /* CoreGraphics.framework in Frameworks */,
				A5F0958718A00C0C0017B239 /* Foundation.framework in Frameworks */,
			);
			runOnlyForDeploymentPostprocessing = 0;
		};
/* End PBXFrameworksBuildPhase section */

/* Begin PBXGroup section */
		5C498FD61DC7BD3E00B7353C /* Products */ = {
			isa = PBXGroup;
			children = (
				5C498FDA1DC7BD3E00B7353C /* libet-static-mac.a */,
			);
			name = Products;
			sourceTree = "<group>";
		};
		5C498FDB1DC7BE0400B7353C /* scene2d */ = {
			isa = PBXGroup;
			children = (
				5C498FDC1DC7BE0400B7353C /* baseclasses.h */,
				5C498FDD1DC7BE0400B7353C /* baseconst.h */,
				5C498FDE1DC7BE0400B7353C /* button.cpp */,
				5C498FDF1DC7BE0400B7353C /* button.h */,
				5C498FE01DC7BE0400B7353C /* charactergenerator.cpp */,
				5C498FE11DC7BE0400B7353C /* charactergenerator.h */,
				5C498FE21DC7BE0400B7353C /* charactergenerator.impl.cpp */,
				5C498FE31DC7BE0400B7353C /* element2d.cpp */,
				5C498FE41DC7BE0400B7353C /* element2d.h */,
				5C498FE51DC7BE0400B7353C /* font.cpp */,
				5C498FE61DC7BE0400B7353C /* font.h */,
				5C498FE71DC7BE0400B7353C /* fontbase.h */,
				5C498FE81DC7BE0400B7353C /* fullscreenelement.cpp */,
				5C498FE91DC7BE0400B7353C /* fullscreenelement.h */,
				5C498FEA1DC7BE0400B7353C /* imageview.cpp */,
				5C498FEB1DC7BE0400B7353C /* imageview.h */,
				5C498FEC1DC7BE0400B7353C /* label.cpp */,
				5C498FED1DC7BE0400B7353C /* label.h */,
				5C498FEE1DC7BE0400B7353C /* layout.cpp */,
				5C498FEF1DC7BE0400B7353C /* layout.h */,
				5C498FF01DC7BE0400B7353C /* line.cpp */,
				5C498FF11DC7BE0400B7353C /* line.h */,
				5C498FF21DC7BE0400B7353C /* listbox.cpp */,
				5C498FF31DC7BE0400B7353C /* listbox.h */,
				5C498FF41DC7BE0400B7353C /* particleselement.cpp */,
				5C498FF51DC7BE0400B7353C /* particleselement.h */,
				5C498FF61DC7BE0400B7353C /* renderingelement.cpp */,
				5C498FF71DC7BE0400B7353C /* renderingelement.h */,
				5C498FF81DC7BE0400B7353C /* scene.cpp */,
				5C498FF91DC7BE0400B7353C /* scene.h */,
				5C498FFA1DC7BE0400B7353C /* scenerenderer.cpp */,
				5C498FFB1DC7BE0400B7353C /* scenerenderer.h */,
				5C498FFC1DC7BE0400B7353C /* scroll.cpp */,
				5C498FFD1DC7BE0400B7353C /* scroll.h */,
				5C498FFE1DC7BE0400B7353C /* slider.cpp */,
				5C498FFF1DC7BE0400B7353C /* slider.h */,
				5C4990001DC7BE0400B7353C /* table.cpp */,
				5C4990011DC7BE0400B7353C /* table.h */,
				5C4990021DC7BE0400B7353C /* textelement.cpp */,
				5C4990031DC7BE0400B7353C /* textelement.h */,
				5C4990041DC7BE0400B7353C /* textfield.cpp */,
				5C4990051DC7BE0400B7353C /* textfield.h */,
				5C4990061DC7BE0400B7353C /* textureatlas.cpp */,
				5C4990071DC7BE0400B7353C /* textureatlas.h */,
				5C4990081DC7BE0400B7353C /* textureatlaswriter.cpp */,
				5C4990091DC7BE0400B7353C /* textureatlaswriter.h */,
				5C49900A1DC7BE0400B7353C /* vertexbuilder.cpp */,
				5C49900B1DC7BE0400B7353C /* vertexbuilder.h */,
			);
			name = scene2d;
			path = "../../../include/et-ext/scene2d";
			sourceTree = "<group>";
		};
		5C4990231DC7BE0800B7353C /* compile_packs */ = {
			isa = PBXGroup;
			children = (
				5C4990241DC7BE0800B7353C /* scene2d.pack.cxx */,
			);
			name = compile_packs;
			path = "../../../include/et-ext/compile_packs";
			sourceTree = "<group>";
		};
		5C4990271DC7EA8600B7353C /* Frameworks */ = {
			isa = PBXGroup;
			children = (
				5C49902C1DC7EA8E00B7353C /* QuartzCore.framework */,
				5C4990281DC7EA8600B7353C /* Metal.framework */,
				5C4990291DC7EA8600B7353C /* MetalKit.framework */,
			);
			name = Frameworks;
			sourceTree = "<group>";
		};
		A5896B9918A0276900962607 /* et-ext */ = {
			isa = PBXGroup;
			children = (
				5C4990231DC7BE0800B7353C /* compile_packs */,
				5C498FDB1DC7BE0400B7353C /* scene2d */,
			);
			name = "et-ext";
			sourceTree = "<group>";
		};
		A5F093F118A00A1E0017B239 = {
			isa = PBXGroup;
			children = (
				5C4198AC1DC931E5001AE483 /* engine_data */,
				5C498FD51DC7BD3E00B7353C /* et-static-mac.xcodeproj */,
				A5896B9918A0276900962607 /* et-ext */,
				A5F0940618A00A350017B239 /* source */,
				A5F0958318A00BD60017B239 /* lib */,
				A5F095D818A00F320017B239 /* supporting */,
				A5F093FB18A00A1E0017B239 /* Products */,
				5C4990271DC7EA8600B7353C /* Frameworks */,
			);
			sourceTree = "<group>";
		};
		A5F093FB18A00A1E0017B239 /* Products */ = {
			isa = PBXGroup;
			children = (
				A5F093FA18A00A1E0017B239 /* EnvMapBlur.app */,
			);
			name = Products;
			sourceTree = "<group>";
		};
		A5F0940618A00A350017B239 /* source */ = {
			isa = PBXGroup;
			children = (
				A5F0940718A00A440017B239 /* main.cpp */,
				A5F0940818A00A440017B239 /* MainController.cpp */,
				A5F0940918A00A440017B239 /* MainController.h */,
				A5896C0518A0289600962607 /* MainUI.cpp */,
				A5896C0618A0289600962607 /* MainUI.h */,
				A5896C0818A028FC00962607 /* ResourceManager.cpp */,
				A5896C0918A028FC00962607 /* ResourceManager.h */,
			);
			name = source;
			sourceTree = "<group>";
		};
		A5F0958318A00BD60017B239 /* lib */ = {
			isa = PBXGroup;
			children = (
				A5F0959018A00C200017B239 /* AppKit.framework */,
				A5F0958E18A00C1B0017B239 /* CoreVideo.framework */,
				A5F0958A18A00C120017B239 /* OpenGL.framework */,
				A5F0958818A00C0F0017B239 /* CoreGraphics.framework */,
				A5F0958618A00C0C0017B239 /* Foundation.framework */,
			);
			name = lib;
			sourceTree = "<group>";
		};
		A5F095D818A00F320017B239 /* supporting */ = {
			isa = PBXGroup;
			children = (
				A5F095D718A00F300017B239 /* EnvMapBlur-Info.plist */,
			);
			name = supporting;
			sourceTree = "<group>";
		};
/* End PBXGroup section */

/* Begin PBXNativeTarget section */
		A5F093F918A00A1E0017B239 /* EnvMapBlur */ = {
			isa = PBXNativeTarget;
			buildConfigurationList = A5F0940318A00A1E0017B239 /* Build configuration list for PBXNativeTarget "EnvMapBlur" */;
			buildPhases = (
				A5F093F618A00A1E0017B239 /* Sources */,
				A5F093F718A00A1E0017B239 /* Frameworks */,
				A5F093F818A00A1E0017B239 /* CopyFiles */,
				A5F095D918A00FD70017B239 /* Resources */,
			);
			buildRules = (
			);
			dependencies = (
			);
			name = EnvMapBlur;
			productName = EnvMapBlur;
			productReference = A5F093FA18A00A1E0017B239 /* EnvMapBlur.app */;
			productType = "com.apple.product-type.application";
		};
/* End PBXNativeTarget section */

/* Begin PBXProject section */
		A5F093F218A00A1E0017B239 /* Project object */ = {
			isa = PBXProject;
			attributes = {
				LastUpgradeCheck = 0810;
				ORGANIZATIONNAME = Cheetek;
			};
			buildConfigurationList = A5F093F518A00A1E0017B239 /* Build configuration list for PBXProject "EnvMapBlur" */;
			compatibilityVersion = "Xcode 3.2";
			developmentRegion = English;
			hasScannedForEncodings = 0;
			knownRegions = (
				en,
			);
			mainGroup = A5F093F118A00A1E0017B239;
			productRefGroup = A5F093FB18A00A1E0017B239 /* Products */;
			projectDirPath = "";
			projectReferences = (
				{
					ProductGroup = 5C498FD61DC7BD3E00B7353C /* Products */;
					ProjectRef = 5C498FD51DC7BD3E00B7353C /* et-static-mac.xcodeproj */;
				},
			);
			projectRoot = "";
			targets = (
				A5F093F918A00A1E0017B239 /* EnvMapBlur */,
			);
		};
/* End PBXProject section */

/* Begin PBXReferenceProxy section */
		5C498FDA1DC7BD3E00B7353C /* libet-static-mac.a */ = {
			isa = PBXReferenceProxy;
			fileType = archive.ar;
			path = "libet-static-mac.a";
			remoteRef = 5C498FD91DC7BD3E00B7353C /* PBXContainerItemProxy */;
			sourceTree = BUILT_PRODUCTS_DIR;
		};
/* End PBXReferenceProxy section */

/* Begin PBXResourcesBuildPhase section */
		A5F095D918A00FD70017B239 /* Resources */ = {
			isa = PBXResourcesBuildPhase;
			buildActionMask = 2147483647;
			files = (
				5C4198AD1DC931E5001AE483 /* engine_data in Resources */,
			);
			runOnlyForDeploymentPostprocessing = 0;
		};
/* End PBXResourcesBuildPhase section */

/* Begin PBXSourcesBuildPhase section */
		A5F093F618A00A1E0017B239 /* Sources */ = {
			isa = PBXSourcesBuildPhase;
			buildActionMask = 2147483647;
			files = (
				A5F0940B18A00A440017B239 /* MainController.cpp in Sources */,
				A5896C0B18A02BF500962607 /* ResourceManager.cpp in Sources */,
				5C49902E1DC7EACE00B7353C /* scene2d.pack.cxx in Sources */,
				A5F0940A18A00A440017B239 /* main.cpp in Sources */,
				A5896C0718A0289600962607 /* MainUI.cpp in Sources */,
			);
			runOnlyForDeploymentPostprocessing = 0;
		};
/* End PBXSourcesBuildPhase section */

/* Begin XCBuildConfiguration section */
		A5F0940118A00A1E0017B239 /* Debug */ = {
			isa = XCBuildConfiguration;
			buildSettings = {
				ALWAYS_SEARCH_USER_PATHS = NO;
				CLANG_CXX_LANGUAGE_STANDARD = "c++14";
				CLANG_CXX_LIBRARY = "libc++";
				CLANG_ENABLE_MODULES = YES;
				CLANG_ENABLE_OBJC_ARC = YES;
				CLANG_WARN_BOOL_CONVERSION = YES;
				CLANG_WARN_CONSTANT_CONVERSION = YES;
				CLANG_WARN_DIRECT_OBJC_ISA_USAGE = YES_ERROR;
				CLANG_WARN_EMPTY_BODY = YES;
				CLANG_WARN_ENUM_CONVERSION = YES;
				CLANG_WARN_INFINITE_RECURSION = YES;
				CLANG_WARN_INT_CONVERSION = YES;
				CLANG_WARN_OBJC_ROOT_CLASS = YES_ERROR;
				CLANG_WARN_SUSPICIOUS_MOVE = YES;
				CLANG_WARN_UNREACHABLE_CODE = YES;
				CLANG_WARN__DUPLICATE_METHOD_MATCH = YES;
				COPY_PHASE_STRIP = NO;
				ENABLE_STRICT_OBJC_MSGSEND = YES;
				ENABLE_TESTABILITY = YES;
				GCC_C_LANGUAGE_STANDARD = c99;
				GCC_DYNAMIC_NO_PIC = NO;
				GCC_ENABLE_OBJC_EXCEPTIONS = YES;
				GCC_NO_COMMON_BLOCKS = YES;
				GCC_OPTIMIZATION_LEVEL = 0;
				GCC_PREPROCESSOR_DEFINITIONS = (
					"DEBUG=1",
					"$(inherited)",
				);
				GCC_WARN_64_TO_32_BIT_CONVERSION = YES;
				GCC_WARN_ABOUT_RETURN_TYPE = YES_ERROR;
				GCC_WARN_UNDECLARED_SELECTOR = YES;
				GCC_WARN_UNINITIALIZED_AUTOS = YES_AGGRESSIVE;
				GCC_WARN_UNUSED_FUNCTION = YES;
				GCC_WARN_UNUSED_VARIABLE = YES;
				MACOSX_DEPLOYMENT_TARGET = 10.9;
				ONLY_ACTIVE_ARCH = YES;
				PRODUCT_NAME = EnvMapBlur;
				SDKROOT = macosx;
				WARNING_CFLAGS = "-Wall";
			};
			name = Debug;
		};
		A5F0940218A00A1E0017B239 /* Release */ = {
			isa = XCBuildConfiguration;
			buildSettings = {
				ALWAYS_SEARCH_USER_PATHS = NO;
				CLANG_CXX_LANGUAGE_STANDARD = "c++14";
				CLANG_CXX_LIBRARY = "libc++";
				CLANG_ENABLE_MODULES = YES;
				CLANG_ENABLE_OBJC_ARC = YES;
				CLANG_WARN_BOOL_CONVERSION = YES;
				CLANG_WARN_CONSTANT_CONVERSION = YES;
				CLANG_WARN_DIRECT_OBJC_ISA_USAGE = YES_ERROR;
				CLANG_WARN_EMPTY_BODY = YES;
				CLANG_WARN_ENUM_CONVERSION = YES;
				CLANG_WARN_INFINITE_RECURSION = YES;
				CLANG_WARN_INT_CONVERSION = YES;
				CLANG_WARN_OBJC_ROOT_CLASS = YES_ERROR;
				CLANG_WARN_SUSPICIOUS_MOVE = YES;
				CLANG_WARN_UNREACHABLE_CODE = YES;
				CLANG_WARN__DUPLICATE_METHOD_MATCH = YES;
				COPY_PHASE_STRIP = YES;
				DEBUG_INFORMATION_FORMAT = "dwarf-with-dsym";
				ENABLE_NS_ASSERTIONS = NO;
				ENABLE_STRICT_OBJC_MSGSEND = YES;
				GCC_C_LANGUAGE_STANDARD = c99;
				GCC_ENABLE_OBJC_EXCEPTIONS = YES;
				GCC_NO_COMMON_BLOCKS = YES;
				GCC_WARN_64_TO_32_BIT_CONVERSION = YES;
				GCC_WARN_ABOUT_RETURN_TYPE = YES_ERROR;
				GCC_WARN_UNDECLARED_SELECTOR = YES;
				GCC_WARN_UNINITIALIZED_AUTOS = YES_AGGRESSIVE;
				GCC_WARN_UNUSED_FUNCTION = YES;
				GCC_WARN_UNUSED_VARIABLE = YES;
				MACOSX_DEPLOYMENT_TARGET = 10.9;
				PRODUCT_NAME = EnvMapBlur;
				SDKROOT = macosx;
				WARNING_CFLAGS = "-Wall";
			};
			name = Release;
		};
		A5F0940418A00A1E0017B239 /* Debug */ = {
			isa = XCBuildConfiguration;
			buildSettings = {
				COMBINE_HIDPI_IMAGES = YES;
				GCC_INLINES_ARE_PRIVATE_EXTERN = NO;
				GCC_SYMBOLS_PRIVATE_EXTERN = NO;
				HEADER_SEARCH_PATHS = (
					"\"$PROJECT_DIR/../../../../et/include\"",
					"\"$PROJECT_DIR/../../../include\"",
					"$(inherited)",
				);
				INFOPLIST_FILE = "EnvMapBlur-Info.plist";
				LIBRARY_SEARCH_PATHS = (
					"$(inherited)",
					"\"$PROJECT_DIR/../../../../et/lib/osx\"",
					"\"$PROJECT_DIR/../../../lib/osx\"",
				);
				OTHER_LDFLAGS = (
					"-lpng",
					"-ljpeg",
					"-lfreetype",
					"-ljpeg",
					"-ljansson",
					"-lz",
				);
				PRODUCT_BUNDLE_IDENTIFIER = com.cheetek.envmapblur;
				PRODUCT_NAME = "$(TARGET_NAME)";
			};
			name = Debug;
		};
		A5F0940518A00A1E0017B239 /* Release */ = {
			isa = XCBuildConfiguration;
			buildSettings = {
				COMBINE_HIDPI_IMAGES = YES;
				GCC_INLINES_ARE_PRIVATE_EXTERN = NO;
				GCC_SYMBOLS_PRIVATE_EXTERN = NO;
				HEADER_SEARCH_PATHS = (
					"\"$PROJECT_DIR/../../../../et/include\"",
					"\"$PROJECT_DIR/../../../include\"",
					"$(inherited)",
				);
				INFOPLIST_FILE = "EnvMapBlur-Info.plist";
				LIBRARY_SEARCH_PATHS = (
					"$(inherited)",
					"\"$PROJECT_DIR/../../../../et/lib/osx\"",
					"\"$PROJECT_DIR/../../../lib/osx\"",
				);
				OTHER_LDFLAGS = (
					"-lpng",
					"-ljpeg",
					"-lfreetype",
					"-ljpeg",
					"-ljansson",
					"-lz",
				);
				PRODUCT_BUNDLE_IDENTIFIER = com.cheetek.envmapblur;
				PRODUCT_NAME = "$(TARGET_NAME)";
			};
			name = Release;
		};
/* End XCBuildConfiguration section */

/* Begin XCConfigurationList section */
		A5F093F518A00A1E0017B239 /* Build configuration list for PBXProject "EnvMapBlur" */ = {
			isa = XCConfigurationList;
			buildConfigurations = (
				A5F0940118A00A1E0017B239 /* Debug */,
				A5F0940218A00A1E0017B239 /* Release */,
			);
			defaultConfigurationIsVisible = 0;
			defaultConfigurationName = Release;
		};
		A5F0940318A00A1E0017B239 /* Build configuration list for PBXNativeTarget "EnvMapBlur" */ = {
			isa = XCConfigurationList;
			buildConfigurations = (
				A5F0940418A00A1E0017B239 /* Debug */,
				A5F0940518A00A1E0017B239 /* Release */,
			);
			defaultConfigurationIsVisible = 0;
			defaultConfigurationName = Release;
		};
/* End XCConfigurationList section */
	};
	rootObject = A5F093F218A00A1E0017B239 /* Project object */;
}
