// !$*UTF8*$!
{
	archiveVersion = 1;
	classes = {
	};
	objectVersion = 46;
	objects = {

/* Begin PBXBuildFile section */
		A52D41A81A252A72005B1AD4 /* charactergenerator.cpp in Sources */ = {isa = PBXBuildFile; fileRef = A52D41A61A252A72005B1AD4 /* charactergenerator.cpp */; };
		A52D41A91A252A72005B1AD4 /* charactergenerator.impl.cpp in Sources */ = {isa = PBXBuildFile; fileRef = A52D41A71A252A72005B1AD4 /* charactergenerator.impl.cpp */; };
		A52D41AB1A252B1B005B1AD4 /* textelement.cpp in Sources */ = {isa = PBXBuildFile; fileRef = A52D41AA1A252B1B005B1AD4 /* textelement.cpp */; };
		A5896BED18A0279A00962607 /* button.cpp in Sources */ = {isa = PBXBuildFile; fileRef = A5896BD018A0279A00962607 /* button.cpp */; };
		A5896BF018A0279A00962607 /* element2d.cpp in Sources */ = {isa = PBXBuildFile; fileRef = A5896BD318A0279A00962607 /* element2d.cpp */; };
		A5896BF218A0279A00962607 /* font.cpp in Sources */ = {isa = PBXBuildFile; fileRef = A5896BD518A0279A00962607 /* font.cpp */; };
		A5896BF318A0279A00962607 /* fullscreenelement.cpp in Sources */ = {isa = PBXBuildFile; fileRef = A5896BD618A0279A00962607 /* fullscreenelement.cpp */; };
		A5896BF418A0279A00962607 /* imageview.cpp in Sources */ = {isa = PBXBuildFile; fileRef = A5896BD718A0279A00962607 /* imageview.cpp */; };
		A5896BF518A0279A00962607 /* label.cpp in Sources */ = {isa = PBXBuildFile; fileRef = A5896BD818A0279A00962607 /* label.cpp */; };
		A5896BF618A0279A00962607 /* layout.cpp in Sources */ = {isa = PBXBuildFile; fileRef = A5896BD918A0279A00962607 /* layout.cpp */; };
		A5896BF718A0279A00962607 /* listbox.cpp in Sources */ = {isa = PBXBuildFile; fileRef = A5896BDA18A0279A00962607 /* listbox.cpp */; };
		A5896BF918A0279A00962607 /* renderingelement.cpp in Sources */ = {isa = PBXBuildFile; fileRef = A5896BDC18A0279A00962607 /* renderingelement.cpp */; };
		A5896BFA18A0279A00962607 /* scene.cpp in Sources */ = {isa = PBXBuildFile; fileRef = A5896BDD18A0279A00962607 /* scene.cpp */; };
		A5896BFB18A0279A00962607 /* scenerenderer.cpp in Sources */ = {isa = PBXBuildFile; fileRef = A5896BDE18A0279A00962607 /* scenerenderer.cpp */; };
		A5896BFC18A0279A00962607 /* scroll.cpp in Sources */ = {isa = PBXBuildFile; fileRef = A5896BDF18A0279A00962607 /* scroll.cpp */; };
		A5896BFD18A0279A00962607 /* slider.cpp in Sources */ = {isa = PBXBuildFile; fileRef = A5896BE018A0279A00962607 /* slider.cpp */; };
		A5896BFE18A0279A00962607 /* table.cpp in Sources */ = {isa = PBXBuildFile; fileRef = A5896BE118A0279A00962607 /* table.cpp */; };
		A5896BFF18A0279A00962607 /* textfield.cpp in Sources */ = {isa = PBXBuildFile; fileRef = A5896BE218A0279A00962607 /* textfield.cpp */; };
		A5896C0018A0279A00962607 /* textureatlas.cpp in Sources */ = {isa = PBXBuildFile; fileRef = A5896BE318A0279A00962607 /* textureatlas.cpp */; };
		A5896C0118A0279A00962607 /* textureatlaswriter.cpp in Sources */ = {isa = PBXBuildFile; fileRef = A5896BE418A0279A00962607 /* textureatlaswriter.cpp */; };
		A5896C0218A0279A00962607 /* vertexbuilder.cpp in Sources */ = {isa = PBXBuildFile; fileRef = A5896BE518A0279A00962607 /* vertexbuilder.cpp */; };
		A5896C0718A0289600962607 /* MainUI.cpp in Sources */ = {isa = PBXBuildFile; fileRef = A5896C0518A0289600962607 /* MainUI.cpp */; };
		A5896C0B18A02BF500962607 /* ResourceManager.cpp in Sources */ = {isa = PBXBuildFile; fileRef = A5896C0818A028FC00962607 /* ResourceManager.cpp */; };
		A5AB100C1A76CD71000FDC2F /* appevironment.cpp in Sources */ = {isa = PBXBuildFile; fileRef = A5AB0F9E1A76CD70000FDC2F /* appevironment.cpp */; };
		A5AB100D1A76CD71000FDC2F /* application.cpp in Sources */ = {isa = PBXBuildFile; fileRef = A5AB0F9F1A76CD70000FDC2F /* application.cpp */; };
		A5AB100E1A76CD71000FDC2F /* backgroundthread.cpp in Sources */ = {isa = PBXBuildFile; fileRef = A5AB0FA01A76CD70000FDC2F /* backgroundthread.cpp */; };
		A5AB100F1A76CD71000FDC2F /* events.cpp in Sources */ = {isa = PBXBuildFile; fileRef = A5AB0FA11A76CD70000FDC2F /* events.cpp */; };
		A5AB10101A76CD71000FDC2F /* invocation.cpp in Sources */ = {isa = PBXBuildFile; fileRef = A5AB0FA21A76CD70000FDC2F /* invocation.cpp */; };
		A5AB10111A76CD71000FDC2F /* pathresolver.cpp in Sources */ = {isa = PBXBuildFile; fileRef = A5AB0FA31A76CD70000FDC2F /* pathresolver.cpp */; };
		A5AB10121A76CD71000FDC2F /* runloop.cpp in Sources */ = {isa = PBXBuildFile; fileRef = A5AB0FA41A76CD70000FDC2F /* runloop.cpp */; };
		A5AB10131A76CD71000FDC2F /* camera.cpp in Sources */ = {isa = PBXBuildFile; fileRef = A5AB0FA61A76CD70000FDC2F /* camera.cpp */; };
		A5AB10141A76CD71000FDC2F /* frustum.cpp in Sources */ = {isa = PBXBuildFile; fileRef = A5AB0FA71A76CD70000FDC2F /* frustum.cpp */; };
		A5AB10151A76CD71000FDC2F /* collision.cpp in Sources */ = {isa = PBXBuildFile; fileRef = A5AB0FA91A76CD70000FDC2F /* collision.cpp */; };
		A5AB10161A76CD71000FDC2F /* base64.cpp in Sources */ = {isa = PBXBuildFile; fileRef = A5AB0FAB1A76CD70000FDC2F /* base64.cpp */; };
		A5AB10171A76CD71000FDC2F /* conversion.cpp in Sources */ = {isa = PBXBuildFile; fileRef = A5AB0FAC1A76CD70000FDC2F /* conversion.cpp */; };
		A5AB10181A76CD71000FDC2F /* dictionary.cpp in Sources */ = {isa = PBXBuildFile; fileRef = A5AB0FAD1A76CD70000FDC2F /* dictionary.cpp */; };
		A5AB10191A76CD71000FDC2F /* et.cpp in Sources */ = {isa = PBXBuildFile; fileRef = A5AB0FAE1A76CD70000FDC2F /* et.cpp */; };
		A5AB101A1A76CD71000FDC2F /* memoryallocator.cpp in Sources */ = {isa = PBXBuildFile; fileRef = A5AB0FAF1A76CD70000FDC2F /* memoryallocator.cpp */; };
		A5AB101B1A76CD71000FDC2F /* objectscache.cpp in Sources */ = {isa = PBXBuildFile; fileRef = A5AB0FB01A76CD70000FDC2F /* objectscache.cpp */; };
		A5AB101C1A76CD71000FDC2F /* stream.cpp in Sources */ = {isa = PBXBuildFile; fileRef = A5AB0FB11A76CD70000FDC2F /* stream.cpp */; };
		A5AB101D1A76CD71000FDC2F /* tools.cpp in Sources */ = {isa = PBXBuildFile; fileRef = A5AB0FB21A76CD70000FDC2F /* tools.cpp */; };
		A5AB101E1A76CD71000FDC2F /* transformable.cpp in Sources */ = {isa = PBXBuildFile; fileRef = A5AB0FB31A76CD70000FDC2F /* transformable.cpp */; };
		A5AB101F1A76CD71000FDC2F /* terrain.cpp in Sources */ = {isa = PBXBuildFile; fileRef = A5AB0FB51A76CD70000FDC2F /* terrain.cpp */; };
		A5AB10201A76CD71000FDC2F /* terraindata.cpp in Sources */ = {isa = PBXBuildFile; fileRef = A5AB0FB61A76CD70000FDC2F /* terraindata.cpp */; };
		A5AB10211A76CD71000FDC2F /* ddsloader.cpp in Sources */ = {isa = PBXBuildFile; fileRef = A5AB0FB81A76CD70000FDC2F /* ddsloader.cpp */; };
		A5AB10221A76CD71000FDC2F /* hdrloader.cpp in Sources */ = {isa = PBXBuildFile; fileRef = A5AB0FB91A76CD70000FDC2F /* hdrloader.cpp */; };
		A5AB10231A76CD71000FDC2F /* imageoperations.cpp in Sources */ = {isa = PBXBuildFile; fileRef = A5AB0FBA1A76CD70000FDC2F /* imageoperations.cpp */; };
		A5AB10241A76CD71000FDC2F /* imagewriter.cpp in Sources */ = {isa = PBXBuildFile; fileRef = A5AB0FBB1A76CD70000FDC2F /* imagewriter.cpp */; };
		A5AB10251A76CD71000FDC2F /* jpegloader.cpp in Sources */ = {isa = PBXBuildFile; fileRef = A5AB0FBC1A76CD70000FDC2F /* jpegloader.cpp */; };
		A5AB10261A76CD71000FDC2F /* pngloader.cpp in Sources */ = {isa = PBXBuildFile; fileRef = A5AB0FBD1A76CD70000FDC2F /* pngloader.cpp */; };
		A5AB10271A76CD71000FDC2F /* pvrdecompressor.cpp in Sources */ = {isa = PBXBuildFile; fileRef = A5AB0FBE1A76CD71000FDC2F /* pvrdecompressor.cpp */; };
		A5AB10281A76CD71000FDC2F /* pvrloader.cpp in Sources */ = {isa = PBXBuildFile; fileRef = A5AB0FBF1A76CD71000FDC2F /* pvrloader.cpp */; };
		A5AB10291A76CD71000FDC2F /* textureloader.cpp in Sources */ = {isa = PBXBuildFile; fileRef = A5AB0FC01A76CD71000FDC2F /* textureloader.cpp */; };
		A5AB102A1A76CD71000FDC2F /* tgaloader.cpp in Sources */ = {isa = PBXBuildFile; fileRef = A5AB0FC11A76CD71000FDC2F /* tgaloader.cpp */; };
		A5AB102B1A76CD71000FDC2F /* gestures.cpp in Sources */ = {isa = PBXBuildFile; fileRef = A5AB0FC31A76CD71000FDC2F /* gestures.cpp */; };
		A5AB102C1A76CD71000FDC2F /* input.cpp in Sources */ = {isa = PBXBuildFile; fileRef = A5AB0FC41A76CD71000FDC2F /* input.cpp */; };
		A5AB102D1A76CD71000FDC2F /* json.cpp in Sources */ = {isa = PBXBuildFile; fileRef = A5AB0FC61A76CD71000FDC2F /* json.cpp */; };
		A5AB102E1A76CD71000FDC2F /* locale.cpp in Sources */ = {isa = PBXBuildFile; fileRef = A5AB0FC81A76CD71000FDC2F /* locale.cpp */; };
		A5AB10311A76CD71000FDC2F /* capabilities.cpp in Sources */ = {isa = PBXBuildFile; fileRef = A5AB0FCD1A76CD71000FDC2F /* capabilities.cpp */; };
		A5AB10321A76CD71000FDC2F /* framebuffer.cpp in Sources */ = {isa = PBXBuildFile; fileRef = A5AB0FCE1A76CD71000FDC2F /* framebuffer.cpp */; };
		A5AB10331A76CD71000FDC2F /* indexbuffer.cpp in Sources */ = {isa = PBXBuildFile; fileRef = A5AB0FCF1A76CD71000FDC2F /* indexbuffer.cpp */; };
		A5AB10341A76CD71000FDC2F /* opengl.cpp in Sources */ = {isa = PBXBuildFile; fileRef = A5AB0FD01A76CD71000FDC2F /* opengl.cpp */; };
		A5AB10351A76CD71000FDC2F /* program.cpp in Sources */ = {isa = PBXBuildFile; fileRef = A5AB0FD11A76CD71000FDC2F /* program.cpp */; };
		A5AB10361A76CD71000FDC2F /* programfactory.cpp in Sources */ = {isa = PBXBuildFile; fileRef = A5AB0FD21A76CD71000FDC2F /* programfactory.cpp */; };
		A5AB10371A76CD71000FDC2F /* renderer.cpp in Sources */ = {isa = PBXBuildFile; fileRef = A5AB0FD31A76CD71000FDC2F /* renderer.cpp */; };
		A5AB10381A76CD71000FDC2F /* renderstate.cpp in Sources */ = {isa = PBXBuildFile; fileRef = A5AB0FD41A76CD71000FDC2F /* renderstate.cpp */; };
		A5AB10391A76CD71000FDC2F /* texture.cpp in Sources */ = {isa = PBXBuildFile; fileRef = A5AB0FD51A76CD71000FDC2F /* texture.cpp */; };
		A5AB103A1A76CD71000FDC2F /* vertexarrayobject.cpp in Sources */ = {isa = PBXBuildFile; fileRef = A5AB0FD61A76CD71000FDC2F /* vertexarrayobject.cpp */; };
		A5AB103B1A76CD71000FDC2F /* vertexbuffer.cpp in Sources */ = {isa = PBXBuildFile; fileRef = A5AB0FD71A76CD71000FDC2F /* vertexbuffer.cpp */; };
		A5AB103D1A76CD71000FDC2F /* locale.apple.mm in Sources */ = {isa = PBXBuildFile; fileRef = A5AB0FDA1A76CD71000FDC2F /* locale.apple.mm */; };
		A5AB103E1A76CD71000FDC2F /* log.apple.mm in Sources */ = {isa = PBXBuildFile; fileRef = A5AB0FDB1A76CD71000FDC2F /* log.apple.mm */; };
		A5AB103F1A76CD71000FDC2F /* memory.apple.mm in Sources */ = {isa = PBXBuildFile; fileRef = A5AB0FDC1A76CD71000FDC2F /* memory.apple.mm */; };
		A5AB10401A76CD71000FDC2F /* tools.apple.mm in Sources */ = {isa = PBXBuildFile; fileRef = A5AB0FDD1A76CD71000FDC2F /* tools.apple.mm */; };
		A5AB10411A76CD71000FDC2F /* application.mac.mm in Sources */ = {isa = PBXBuildFile; fileRef = A5AB0FDF1A76CD71000FDC2F /* application.mac.mm */; };
		A5AB10421A76CD71000FDC2F /* input.mac.mm in Sources */ = {isa = PBXBuildFile; fileRef = A5AB0FE01A76CD71000FDC2F /* input.mac.mm */; };
		A5AB10431A76CD71000FDC2F /* mac.mm in Sources */ = {isa = PBXBuildFile; fileRef = A5AB0FE11A76CD71000FDC2F /* mac.mm */; };
		A5AB10441A76CD71000FDC2F /* platformtools.mac.mm in Sources */ = {isa = PBXBuildFile; fileRef = A5AB0FE21A76CD71000FDC2F /* platformtools.mac.mm */; };
		A5AB10451A76CD71000FDC2F /* rendercontext.mac.mm in Sources */ = {isa = PBXBuildFile; fileRef = A5AB0FE31A76CD71000FDC2F /* rendercontext.mac.mm */; };
		A5AB10471A76CD71000FDC2F /* atomiccounter.unix.cpp in Sources */ = {isa = PBXBuildFile; fileRef = A5AB0FE61A76CD71000FDC2F /* atomiccounter.unix.cpp */; };
		A5AB10481A76CD71000FDC2F /* criticalsection.unix.cpp in Sources */ = {isa = PBXBuildFile; fileRef = A5AB0FE71A76CD71000FDC2F /* criticalsection.unix.cpp */; };
		A5AB10491A76CD71000FDC2F /* mutex.unix.cpp in Sources */ = {isa = PBXBuildFile; fileRef = A5AB0FE81A76CD71000FDC2F /* mutex.unix.cpp */; };
		A5AB104A1A76CD71000FDC2F /* thread.unix.cpp in Sources */ = {isa = PBXBuildFile; fileRef = A5AB0FE91A76CD71000FDC2F /* thread.unix.cpp */; };
		A5AB104B1A76CD71000FDC2F /* threading.unix.cpp in Sources */ = {isa = PBXBuildFile; fileRef = A5AB0FEA1A76CD71000FDC2F /* threading.unix.cpp */; };
		A5AB104C1A76CD71000FDC2F /* primitives.cpp in Sources */ = {isa = PBXBuildFile; fileRef = A5AB0FEC1A76CD71000FDC2F /* primitives.cpp */; };
		A5AB104D1A76CD71000FDC2F /* framebufferfactory.cpp in Sources */ = {isa = PBXBuildFile; fileRef = A5AB0FEE1A76CD71000FDC2F /* framebufferfactory.cpp */; };
		A5AB104E1A76CD71000FDC2F /* rendercontext.cpp in Sources */ = {isa = PBXBuildFile; fileRef = A5AB0FEF1A76CD71000FDC2F /* rendercontext.cpp */; };
		A5AB104F1A76CD71000FDC2F /* rendering.cpp in Sources */ = {isa = PBXBuildFile; fileRef = A5AB0FF01A76CD71000FDC2F /* rendering.cpp */; };
		A5AB10501A76CD71000FDC2F /* texturefactory.cpp in Sources */ = {isa = PBXBuildFile; fileRef = A5AB0FF11A76CD71000FDC2F /* texturefactory.cpp */; };
		A5AB10511A76CD71000FDC2F /* textureloadingthread.cpp in Sources */ = {isa = PBXBuildFile; fileRef = A5AB0FF21A76CD71000FDC2F /* textureloadingthread.cpp */; };
		A5AB10521A76CD71000FDC2F /* vertexbufferfactory.cpp in Sources */ = {isa = PBXBuildFile; fileRef = A5AB0FF31A76CD71000FDC2F /* vertexbufferfactory.cpp */; };
		A5AB105E1A76CD71000FDC2F /* taskpool.cpp in Sources */ = {isa = PBXBuildFile; fileRef = A5AB10011A76CD71000FDC2F /* taskpool.cpp */; };
		A5AB105F1A76CD71000FDC2F /* notifytimer.cpp in Sources */ = {isa = PBXBuildFile; fileRef = A5AB10031A76CD71000FDC2F /* notifytimer.cpp */; };
		A5AB10601A76CD71000FDC2F /* sequence.cpp in Sources */ = {isa = PBXBuildFile; fileRef = A5AB10041A76CD71000FDC2F /* sequence.cpp */; };
		A5AB10611A76CD71000FDC2F /* timedobject.cpp in Sources */ = {isa = PBXBuildFile; fileRef = A5AB10051A76CD71000FDC2F /* timedobject.cpp */; };
		A5AB10621A76CD71000FDC2F /* timerpool.cpp in Sources */ = {isa = PBXBuildFile; fileRef = A5AB10061A76CD71000FDC2F /* timerpool.cpp */; };
		A5AB10631A76CD71000FDC2F /* indexarray.cpp in Sources */ = {isa = PBXBuildFile; fileRef = A5AB10081A76CD71000FDC2F /* indexarray.cpp */; };
		A5AB10641A76CD71000FDC2F /* vertexarray.cpp in Sources */ = {isa = PBXBuildFile; fileRef = A5AB10091A76CD71000FDC2F /* vertexarray.cpp */; };
		A5AB10651A76CD71000FDC2F /* vertexdatachunk.cpp in Sources */ = {isa = PBXBuildFile; fileRef = A5AB100A1A76CD71000FDC2F /* vertexdatachunk.cpp */; };
		A5AB10661A76CD71000FDC2F /* vertexdeclaration.cpp in Sources */ = {isa = PBXBuildFile; fileRef = A5AB100B1A76CD71000FDC2F /* vertexdeclaration.cpp */; };
		A5AB106A1A76CF37000FDC2F /* geometry.cpp in Sources */ = {isa = PBXBuildFile; fileRef = A5AB10681A76CF37000FDC2F /* geometry.cpp */; };
		A5AB106B1A76CF37000FDC2F /* rectplacer.cpp in Sources */ = {isa = PBXBuildFile; fileRef = A5AB10691A76CF37000FDC2F /* rectplacer.cpp */; };
		A5F0940A18A00A440017B239 /* main.cpp in Sources */ = {isa = PBXBuildFile; fileRef = A5F0940718A00A440017B239 /* main.cpp */; };
		A5F0940B18A00A440017B239 /* MainController.cpp in Sources */ = {isa = PBXBuildFile; fileRef = A5F0940818A00A440017B239 /* MainController.cpp */; };
		A5F0958718A00C0C0017B239 /* Foundation.framework in Frameworks */ = {isa = PBXBuildFile; fileRef = A5F0958618A00C0C0017B239 /* Foundation.framework */; };
		A5F0958918A00C0F0017B239 /* CoreGraphics.framework in Frameworks */ = {isa = PBXBuildFile; fileRef = A5F0958818A00C0F0017B239 /* CoreGraphics.framework */; };
		A5F0958B18A00C120017B239 /* OpenGL.framework in Frameworks */ = {isa = PBXBuildFile; fileRef = A5F0958A18A00C120017B239 /* OpenGL.framework */; };
		A5F0958F18A00C1B0017B239 /* CoreVideo.framework in Frameworks */ = {isa = PBXBuildFile; fileRef = A5F0958E18A00C1B0017B239 /* CoreVideo.framework */; };
		A5F0959118A00C200017B239 /* AppKit.framework in Frameworks */ = {isa = PBXBuildFile; fileRef = A5F0959018A00C200017B239 /* AppKit.framework */; };
/* End PBXBuildFile section */

/* Begin PBXCopyFilesBuildPhase section */
		A5F093F818A00A1E0017B239 /* CopyFiles */ = {
			isa = PBXCopyFilesBuildPhase;
			buildActionMask = 12;
			dstPath = "";
			dstSubfolderSpec = 16;
			files = (
			);
			runOnlyForDeploymentPostprocessing = 0;
		};
/* End PBXCopyFilesBuildPhase section */

/* Begin PBXFileReference section */
		A52D41A61A252A72005B1AD4 /* charactergenerator.cpp */ = {isa = PBXFileReference; fileEncoding = 4; lastKnownFileType = sourcecode.cpp.cpp; path = charactergenerator.cpp; sourceTree = "<group>"; };
		A52D41A71A252A72005B1AD4 /* charactergenerator.impl.cpp */ = {isa = PBXFileReference; fileEncoding = 4; lastKnownFileType = sourcecode.cpp.cpp; path = charactergenerator.impl.cpp; sourceTree = "<group>"; };
		A52D41AA1A252B1B005B1AD4 /* textelement.cpp */ = {isa = PBXFileReference; fileEncoding = 4; lastKnownFileType = sourcecode.cpp.cpp; path = textelement.cpp; sourceTree = "<group>"; };
		A5896BA318A0279A00962607 /* baseclasses.h */ = {isa = PBXFileReference; fileEncoding = 4; lastKnownFileType = sourcecode.c.h; path = baseclasses.h; sourceTree = "<group>"; };
		A5896BA418A0279A00962607 /* baseconst.h */ = {isa = PBXFileReference; fileEncoding = 4; lastKnownFileType = sourcecode.c.h; path = baseconst.h; sourceTree = "<group>"; };
		A5896BA518A0279A00962607 /* button.h */ = {isa = PBXFileReference; fileEncoding = 4; lastKnownFileType = sourcecode.c.h; path = button.h; sourceTree = "<group>"; };
		A5896BA718A0279A00962607 /* charactergenerator.h */ = {isa = PBXFileReference; fileEncoding = 4; lastKnownFileType = sourcecode.c.h; path = charactergenerator.h; sourceTree = "<group>"; };
		A5896BA918A0279A00962607 /* element2d.h */ = {isa = PBXFileReference; fileEncoding = 4; lastKnownFileType = sourcecode.c.h; path = element2d.h; sourceTree = "<group>"; };
		A5896BAB18A0279A00962607 /* font.h */ = {isa = PBXFileReference; fileEncoding = 4; lastKnownFileType = sourcecode.c.h; path = font.h; sourceTree = "<group>"; };
		A5896BAC18A0279A00962607 /* fontbase.h */ = {isa = PBXFileReference; fileEncoding = 4; lastKnownFileType = sourcecode.c.h; path = fontbase.h; sourceTree = "<group>"; };
		A5896BAE18A0279A00962607 /* fullscreenelement.h */ = {isa = PBXFileReference; fileEncoding = 4; lastKnownFileType = sourcecode.c.h; path = fullscreenelement.h; sourceTree = "<group>"; };
		A5896BAF18A0279A00962607 /* imageview.h */ = {isa = PBXFileReference; fileEncoding = 4; lastKnownFileType = sourcecode.c.h; path = imageview.h; sourceTree = "<group>"; };
		A5896BB018A0279A00962607 /* label.h */ = {isa = PBXFileReference; fileEncoding = 4; lastKnownFileType = sourcecode.c.h; path = label.h; sourceTree = "<group>"; };
		A5896BB118A0279A00962607 /* layout.h */ = {isa = PBXFileReference; fileEncoding = 4; lastKnownFileType = sourcecode.c.h; path = layout.h; sourceTree = "<group>"; };
		A5896BB218A0279A00962607 /* listbox.h */ = {isa = PBXFileReference; fileEncoding = 4; lastKnownFileType = sourcecode.c.h; path = listbox.h; sourceTree = "<group>"; };
		A5896BB418A0279A00962607 /* renderingelement.h */ = {isa = PBXFileReference; fileEncoding = 4; lastKnownFileType = sourcecode.c.h; path = renderingelement.h; sourceTree = "<group>"; };
		A5896BB518A0279A00962607 /* scene.h */ = {isa = PBXFileReference; fileEncoding = 4; lastKnownFileType = sourcecode.c.h; path = scene.h; sourceTree = "<group>"; };
		A5896BB618A0279A00962607 /* scenerenderer.h */ = {isa = PBXFileReference; fileEncoding = 4; lastKnownFileType = sourcecode.c.h; path = scenerenderer.h; sourceTree = "<group>"; };
		A5896BB718A0279A00962607 /* scroll.h */ = {isa = PBXFileReference; fileEncoding = 4; lastKnownFileType = sourcecode.c.h; path = scroll.h; sourceTree = "<group>"; };
		A5896BB818A0279A00962607 /* slider.h */ = {isa = PBXFileReference; fileEncoding = 4; lastKnownFileType = sourcecode.c.h; path = slider.h; sourceTree = "<group>"; };
		A5896BB918A0279A00962607 /* table.h */ = {isa = PBXFileReference; fileEncoding = 4; lastKnownFileType = sourcecode.c.h; path = table.h; sourceTree = "<group>"; };
		A5896BBA18A0279A00962607 /* textfield.h */ = {isa = PBXFileReference; fileEncoding = 4; lastKnownFileType = sourcecode.c.h; path = textfield.h; sourceTree = "<group>"; };
		A5896BBB18A0279A00962607 /* textureatlas.h */ = {isa = PBXFileReference; fileEncoding = 4; lastKnownFileType = sourcecode.c.h; path = textureatlas.h; sourceTree = "<group>"; };
		A5896BBC18A0279A00962607 /* textureatlaswriter.h */ = {isa = PBXFileReference; fileEncoding = 4; lastKnownFileType = sourcecode.c.h; path = textureatlaswriter.h; sourceTree = "<group>"; };
		A5896BBD18A0279A00962607 /* vertexbuilder.h */ = {isa = PBXFileReference; fileEncoding = 4; lastKnownFileType = sourcecode.c.h; path = vertexbuilder.h; sourceTree = "<group>"; };
		A5896BD018A0279A00962607 /* button.cpp */ = {isa = PBXFileReference; fileEncoding = 4; lastKnownFileType = sourcecode.cpp.cpp; path = button.cpp; sourceTree = "<group>"; };
		A5896BD318A0279A00962607 /* element2d.cpp */ = {isa = PBXFileReference; fileEncoding = 4; lastKnownFileType = sourcecode.cpp.cpp; path = element2d.cpp; sourceTree = "<group>"; };
		A5896BD518A0279A00962607 /* font.cpp */ = {isa = PBXFileReference; fileEncoding = 4; lastKnownFileType = sourcecode.cpp.cpp; path = font.cpp; sourceTree = "<group>"; };
		A5896BD618A0279A00962607 /* fullscreenelement.cpp */ = {isa = PBXFileReference; fileEncoding = 4; lastKnownFileType = sourcecode.cpp.cpp; path = fullscreenelement.cpp; sourceTree = "<group>"; };
		A5896BD718A0279A00962607 /* imageview.cpp */ = {isa = PBXFileReference; fileEncoding = 4; lastKnownFileType = sourcecode.cpp.cpp; path = imageview.cpp; sourceTree = "<group>"; };
		A5896BD818A0279A00962607 /* label.cpp */ = {isa = PBXFileReference; fileEncoding = 4; lastKnownFileType = sourcecode.cpp.cpp; path = label.cpp; sourceTree = "<group>"; };
		A5896BD918A0279A00962607 /* layout.cpp */ = {isa = PBXFileReference; fileEncoding = 4; lastKnownFileType = sourcecode.cpp.cpp; path = layout.cpp; sourceTree = "<group>"; };
		A5896BDA18A0279A00962607 /* listbox.cpp */ = {isa = PBXFileReference; fileEncoding = 4; lastKnownFileType = sourcecode.cpp.cpp; path = listbox.cpp; sourceTree = "<group>"; };
		A5896BDC18A0279A00962607 /* renderingelement.cpp */ = {isa = PBXFileReference; fileEncoding = 4; lastKnownFileType = sourcecode.cpp.cpp; path = renderingelement.cpp; sourceTree = "<group>"; };
		A5896BDD18A0279A00962607 /* scene.cpp */ = {isa = PBXFileReference; fileEncoding = 4; lastKnownFileType = sourcecode.cpp.cpp; path = scene.cpp; sourceTree = "<group>"; };
		A5896BDE18A0279A00962607 /* scenerenderer.cpp */ = {isa = PBXFileReference; fileEncoding = 4; lastKnownFileType = sourcecode.cpp.cpp; path = scenerenderer.cpp; sourceTree = "<group>"; };
		A5896BDF18A0279A00962607 /* scroll.cpp */ = {isa = PBXFileReference; fileEncoding = 4; lastKnownFileType = sourcecode.cpp.cpp; path = scroll.cpp; sourceTree = "<group>"; };
		A5896BE018A0279A00962607 /* slider.cpp */ = {isa = PBXFileReference; fileEncoding = 4; lastKnownFileType = sourcecode.cpp.cpp; path = slider.cpp; sourceTree = "<group>"; };
		A5896BE118A0279A00962607 /* table.cpp */ = {isa = PBXFileReference; fileEncoding = 4; lastKnownFileType = sourcecode.cpp.cpp; path = table.cpp; sourceTree = "<group>"; };
		A5896BE218A0279A00962607 /* textfield.cpp */ = {isa = PBXFileReference; fileEncoding = 4; lastKnownFileType = sourcecode.cpp.cpp; path = textfield.cpp; sourceTree = "<group>"; };
		A5896BE318A0279A00962607 /* textureatlas.cpp */ = {isa = PBXFileReference; fileEncoding = 4; lastKnownFileType = sourcecode.cpp.cpp; path = textureatlas.cpp; sourceTree = "<group>"; };
		A5896BE418A0279A00962607 /* textureatlaswriter.cpp */ = {isa = PBXFileReference; fileEncoding = 4; lastKnownFileType = sourcecode.cpp.cpp; path = textureatlaswriter.cpp; sourceTree = "<group>"; };
		A5896BE518A0279A00962607 /* vertexbuilder.cpp */ = {isa = PBXFileReference; fileEncoding = 4; lastKnownFileType = sourcecode.cpp.cpp; path = vertexbuilder.cpp; sourceTree = "<group>"; };
		A5896C0518A0289600962607 /* MainUI.cpp */ = {isa = PBXFileReference; fileEncoding = 4; lastKnownFileType = sourcecode.cpp.cpp; name = MainUI.cpp; path = ../source/ui/MainUI.cpp; sourceTree = "<group>"; };
		A5896C0618A0289600962607 /* MainUI.h */ = {isa = PBXFileReference; fileEncoding = 4; lastKnownFileType = sourcecode.c.h; name = MainUI.h; path = ../source/ui/MainUI.h; sourceTree = "<group>"; };
		A5896C0818A028FC00962607 /* ResourceManager.cpp */ = {isa = PBXFileReference; fileEncoding = 4; lastKnownFileType = sourcecode.cpp.cpp; name = ResourceManager.cpp; path = ../source/ui/ResourceManager.cpp; sourceTree = "<group>"; };
		A5896C0918A028FC00962607 /* ResourceManager.h */ = {isa = PBXFileReference; fileEncoding = 4; lastKnownFileType = sourcecode.c.h; name = ResourceManager.h; path = ../source/ui/ResourceManager.h; sourceTree = "<group>"; };
		A5AB0F9E1A76CD70000FDC2F /* appevironment.cpp */ = {isa = PBXFileReference; fileEncoding = 4; lastKnownFileType = sourcecode.cpp.cpp; path = appevironment.cpp; sourceTree = "<group>"; };
		A5AB0F9F1A76CD70000FDC2F /* application.cpp */ = {isa = PBXFileReference; fileEncoding = 4; lastKnownFileType = sourcecode.cpp.cpp; path = application.cpp; sourceTree = "<group>"; };
		A5AB0FA01A76CD70000FDC2F /* backgroundthread.cpp */ = {isa = PBXFileReference; fileEncoding = 4; lastKnownFileType = sourcecode.cpp.cpp; path = backgroundthread.cpp; sourceTree = "<group>"; };
		A5AB0FA11A76CD70000FDC2F /* events.cpp */ = {isa = PBXFileReference; fileEncoding = 4; lastKnownFileType = sourcecode.cpp.cpp; path = events.cpp; sourceTree = "<group>"; };
		A5AB0FA21A76CD70000FDC2F /* invocation.cpp */ = {isa = PBXFileReference; fileEncoding = 4; lastKnownFileType = sourcecode.cpp.cpp; path = invocation.cpp; sourceTree = "<group>"; };
		A5AB0FA31A76CD70000FDC2F /* pathresolver.cpp */ = {isa = PBXFileReference; fileEncoding = 4; lastKnownFileType = sourcecode.cpp.cpp; path = pathresolver.cpp; sourceTree = "<group>"; };
		A5AB0FA41A76CD70000FDC2F /* runloop.cpp */ = {isa = PBXFileReference; fileEncoding = 4; lastKnownFileType = sourcecode.cpp.cpp; path = runloop.cpp; sourceTree = "<group>"; };
		A5AB0FA61A76CD70000FDC2F /* camera.cpp */ = {isa = PBXFileReference; fileEncoding = 4; lastKnownFileType = sourcecode.cpp.cpp; path = camera.cpp; sourceTree = "<group>"; };
		A5AB0FA71A76CD70000FDC2F /* frustum.cpp */ = {isa = PBXFileReference; fileEncoding = 4; lastKnownFileType = sourcecode.cpp.cpp; path = frustum.cpp; sourceTree = "<group>"; };
		A5AB0FA91A76CD70000FDC2F /* collision.cpp */ = {isa = PBXFileReference; fileEncoding = 4; lastKnownFileType = sourcecode.cpp.cpp; path = collision.cpp; sourceTree = "<group>"; };
		A5AB0FAB1A76CD70000FDC2F /* base64.cpp */ = {isa = PBXFileReference; fileEncoding = 4; lastKnownFileType = sourcecode.cpp.cpp; path = base64.cpp; sourceTree = "<group>"; };
		A5AB0FAC1A76CD70000FDC2F /* conversion.cpp */ = {isa = PBXFileReference; fileEncoding = 4; lastKnownFileType = sourcecode.cpp.cpp; path = conversion.cpp; sourceTree = "<group>"; };
		A5AB0FAD1A76CD70000FDC2F /* dictionary.cpp */ = {isa = PBXFileReference; fileEncoding = 4; lastKnownFileType = sourcecode.cpp.cpp; path = dictionary.cpp; sourceTree = "<group>"; };
		A5AB0FAE1A76CD70000FDC2F /* et.cpp */ = {isa = PBXFileReference; fileEncoding = 4; lastKnownFileType = sourcecode.cpp.cpp; path = et.cpp; sourceTree = "<group>"; };
		A5AB0FAF1A76CD70000FDC2F /* memoryallocator.cpp */ = {isa = PBXFileReference; fileEncoding = 4; lastKnownFileType = sourcecode.cpp.cpp; path = memoryallocator.cpp; sourceTree = "<group>"; };
		A5AB0FB01A76CD70000FDC2F /* objectscache.cpp */ = {isa = PBXFileReference; fileEncoding = 4; lastKnownFileType = sourcecode.cpp.cpp; path = objectscache.cpp; sourceTree = "<group>"; };
		A5AB0FB11A76CD70000FDC2F /* stream.cpp */ = {isa = PBXFileReference; fileEncoding = 4; lastKnownFileType = sourcecode.cpp.cpp; path = stream.cpp; sourceTree = "<group>"; };
		A5AB0FB21A76CD70000FDC2F /* tools.cpp */ = {isa = PBXFileReference; fileEncoding = 4; lastKnownFileType = sourcecode.cpp.cpp; path = tools.cpp; sourceTree = "<group>"; };
		A5AB0FB31A76CD70000FDC2F /* transformable.cpp */ = {isa = PBXFileReference; fileEncoding = 4; lastKnownFileType = sourcecode.cpp.cpp; path = transformable.cpp; sourceTree = "<group>"; };
		A5AB0FB51A76CD70000FDC2F /* terrain.cpp */ = {isa = PBXFileReference; fileEncoding = 4; lastKnownFileType = sourcecode.cpp.cpp; path = terrain.cpp; sourceTree = "<group>"; };
		A5AB0FB61A76CD70000FDC2F /* terraindata.cpp */ = {isa = PBXFileReference; fileEncoding = 4; lastKnownFileType = sourcecode.cpp.cpp; path = terraindata.cpp; sourceTree = "<group>"; };
		A5AB0FB81A76CD70000FDC2F /* ddsloader.cpp */ = {isa = PBXFileReference; fileEncoding = 4; lastKnownFileType = sourcecode.cpp.cpp; path = ddsloader.cpp; sourceTree = "<group>"; };
		A5AB0FB91A76CD70000FDC2F /* hdrloader.cpp */ = {isa = PBXFileReference; fileEncoding = 4; lastKnownFileType = sourcecode.cpp.cpp; path = hdrloader.cpp; sourceTree = "<group>"; };
		A5AB0FBA1A76CD70000FDC2F /* imageoperations.cpp */ = {isa = PBXFileReference; fileEncoding = 4; lastKnownFileType = sourcecode.cpp.cpp; path = imageoperations.cpp; sourceTree = "<group>"; };
		A5AB0FBB1A76CD70000FDC2F /* imagewriter.cpp */ = {isa = PBXFileReference; fileEncoding = 4; lastKnownFileType = sourcecode.cpp.cpp; path = imagewriter.cpp; sourceTree = "<group>"; };
		A5AB0FBC1A76CD70000FDC2F /* jpegloader.cpp */ = {isa = PBXFileReference; fileEncoding = 4; lastKnownFileType = sourcecode.cpp.cpp; path = jpegloader.cpp; sourceTree = "<group>"; };
		A5AB0FBD1A76CD70000FDC2F /* pngloader.cpp */ = {isa = PBXFileReference; fileEncoding = 4; lastKnownFileType = sourcecode.cpp.cpp; path = pngloader.cpp; sourceTree = "<group>"; };
		A5AB0FBE1A76CD71000FDC2F /* pvrdecompressor.cpp */ = {isa = PBXFileReference; fileEncoding = 4; lastKnownFileType = sourcecode.cpp.cpp; path = pvrdecompressor.cpp; sourceTree = "<group>"; };
		A5AB0FBF1A76CD71000FDC2F /* pvrloader.cpp */ = {isa = PBXFileReference; fileEncoding = 4; lastKnownFileType = sourcecode.cpp.cpp; path = pvrloader.cpp; sourceTree = "<group>"; };
		A5AB0FC01A76CD71000FDC2F /* textureloader.cpp */ = {isa = PBXFileReference; fileEncoding = 4; lastKnownFileType = sourcecode.cpp.cpp; path = textureloader.cpp; sourceTree = "<group>"; };
		A5AB0FC11A76CD71000FDC2F /* tgaloader.cpp */ = {isa = PBXFileReference; fileEncoding = 4; lastKnownFileType = sourcecode.cpp.cpp; path = tgaloader.cpp; sourceTree = "<group>"; };
		A5AB0FC31A76CD71000FDC2F /* gestures.cpp */ = {isa = PBXFileReference; fileEncoding = 4; lastKnownFileType = sourcecode.cpp.cpp; path = gestures.cpp; sourceTree = "<group>"; };
		A5AB0FC41A76CD71000FDC2F /* input.cpp */ = {isa = PBXFileReference; fileEncoding = 4; lastKnownFileType = sourcecode.cpp.cpp; path = input.cpp; sourceTree = "<group>"; };
		A5AB0FC61A76CD71000FDC2F /* json.cpp */ = {isa = PBXFileReference; fileEncoding = 4; lastKnownFileType = sourcecode.cpp.cpp; path = json.cpp; sourceTree = "<group>"; };
		A5AB0FC81A76CD71000FDC2F /* locale.cpp */ = {isa = PBXFileReference; fileEncoding = 4; lastKnownFileType = sourcecode.cpp.cpp; path = locale.cpp; sourceTree = "<group>"; };
		A5AB0FCD1A76CD71000FDC2F /* capabilities.cpp */ = {isa = PBXFileReference; fileEncoding = 4; lastKnownFileType = sourcecode.cpp.cpp; path = capabilities.cpp; sourceTree = "<group>"; };
		A5AB0FCE1A76CD71000FDC2F /* framebuffer.cpp */ = {isa = PBXFileReference; fileEncoding = 4; lastKnownFileType = sourcecode.cpp.cpp; path = framebuffer.cpp; sourceTree = "<group>"; };
		A5AB0FCF1A76CD71000FDC2F /* indexbuffer.cpp */ = {isa = PBXFileReference; fileEncoding = 4; lastKnownFileType = sourcecode.cpp.cpp; path = indexbuffer.cpp; sourceTree = "<group>"; };
		A5AB0FD01A76CD71000FDC2F /* opengl.cpp */ = {isa = PBXFileReference; fileEncoding = 4; lastKnownFileType = sourcecode.cpp.cpp; path = opengl.cpp; sourceTree = "<group>"; };
		A5AB0FD11A76CD71000FDC2F /* program.cpp */ = {isa = PBXFileReference; fileEncoding = 4; lastKnownFileType = sourcecode.cpp.cpp; path = program.cpp; sourceTree = "<group>"; };
		A5AB0FD21A76CD71000FDC2F /* programfactory.cpp */ = {isa = PBXFileReference; fileEncoding = 4; lastKnownFileType = sourcecode.cpp.cpp; path = programfactory.cpp; sourceTree = "<group>"; };
		A5AB0FD31A76CD71000FDC2F /* renderer.cpp */ = {isa = PBXFileReference; fileEncoding = 4; lastKnownFileType = sourcecode.cpp.cpp; path = renderer.cpp; sourceTree = "<group>"; };
		A5AB0FD41A76CD71000FDC2F /* renderstate.cpp */ = {isa = PBXFileReference; fileEncoding = 4; lastKnownFileType = sourcecode.cpp.cpp; path = renderstate.cpp; sourceTree = "<group>"; };
		A5AB0FD51A76CD71000FDC2F /* texture.cpp */ = {isa = PBXFileReference; fileEncoding = 4; lastKnownFileType = sourcecode.cpp.cpp; path = texture.cpp; sourceTree = "<group>"; };
		A5AB0FD61A76CD71000FDC2F /* vertexarrayobject.cpp */ = {isa = PBXFileReference; fileEncoding = 4; lastKnownFileType = sourcecode.cpp.cpp; path = vertexarrayobject.cpp; sourceTree = "<group>"; };
		A5AB0FD71A76CD71000FDC2F /* vertexbuffer.cpp */ = {isa = PBXFileReference; fileEncoding = 4; lastKnownFileType = sourcecode.cpp.cpp; path = vertexbuffer.cpp; sourceTree = "<group>"; };
		A5AB0FDA1A76CD71000FDC2F /* locale.apple.mm */ = {isa = PBXFileReference; fileEncoding = 4; lastKnownFileType = sourcecode.cpp.objcpp; path = locale.apple.mm; sourceTree = "<group>"; };
		A5AB0FDB1A76CD71000FDC2F /* log.apple.mm */ = {isa = PBXFileReference; fileEncoding = 4; lastKnownFileType = sourcecode.cpp.objcpp; path = log.apple.mm; sourceTree = "<group>"; };
		A5AB0FDC1A76CD71000FDC2F /* memory.apple.mm */ = {isa = PBXFileReference; fileEncoding = 4; lastKnownFileType = sourcecode.cpp.objcpp; path = memory.apple.mm; sourceTree = "<group>"; };
		A5AB0FDD1A76CD71000FDC2F /* tools.apple.mm */ = {isa = PBXFileReference; fileEncoding = 4; lastKnownFileType = sourcecode.cpp.objcpp; path = tools.apple.mm; sourceTree = "<group>"; };
		A5AB0FDF1A76CD71000FDC2F /* application.mac.mm */ = {isa = PBXFileReference; fileEncoding = 4; lastKnownFileType = sourcecode.cpp.objcpp; path = application.mac.mm; sourceTree = "<group>"; };
		A5AB0FE01A76CD71000FDC2F /* input.mac.mm */ = {isa = PBXFileReference; fileEncoding = 4; lastKnownFileType = sourcecode.cpp.objcpp; path = input.mac.mm; sourceTree = "<group>"; };
		A5AB0FE11A76CD71000FDC2F /* mac.mm */ = {isa = PBXFileReference; fileEncoding = 4; lastKnownFileType = sourcecode.cpp.objcpp; path = mac.mm; sourceTree = "<group>"; };
		A5AB0FE21A76CD71000FDC2F /* platformtools.mac.mm */ = {isa = PBXFileReference; fileEncoding = 4; lastKnownFileType = sourcecode.cpp.objcpp; path = platformtools.mac.mm; sourceTree = "<group>"; };
		A5AB0FE31A76CD71000FDC2F /* rendercontext.mac.mm */ = {isa = PBXFileReference; fileEncoding = 4; lastKnownFileType = sourcecode.cpp.objcpp; path = rendercontext.mac.mm; sourceTree = "<group>"; };
		A5AB0FE61A76CD71000FDC2F /* atomiccounter.unix.cpp */ = {isa = PBXFileReference; fileEncoding = 4; lastKnownFileType = sourcecode.cpp.cpp; path = atomiccounter.unix.cpp; sourceTree = "<group>"; };
		A5AB0FE71A76CD71000FDC2F /* criticalsection.unix.cpp */ = {isa = PBXFileReference; fileEncoding = 4; lastKnownFileType = sourcecode.cpp.cpp; path = criticalsection.unix.cpp; sourceTree = "<group>"; };
		A5AB0FE81A76CD71000FDC2F /* mutex.unix.cpp */ = {isa = PBXFileReference; fileEncoding = 4; lastKnownFileType = sourcecode.cpp.cpp; path = mutex.unix.cpp; sourceTree = "<group>"; };
		A5AB0FE91A76CD71000FDC2F /* thread.unix.cpp */ = {isa = PBXFileReference; fileEncoding = 4; lastKnownFileType = sourcecode.cpp.cpp; path = thread.unix.cpp; sourceTree = "<group>"; };
		A5AB0FEA1A76CD71000FDC2F /* threading.unix.cpp */ = {isa = PBXFileReference; fileEncoding = 4; lastKnownFileType = sourcecode.cpp.cpp; path = threading.unix.cpp; sourceTree = "<group>"; };
		A5AB0FEC1A76CD71000FDC2F /* primitives.cpp */ = {isa = PBXFileReference; fileEncoding = 4; lastKnownFileType = sourcecode.cpp.cpp; path = primitives.cpp; sourceTree = "<group>"; };
		A5AB0FEE1A76CD71000FDC2F /* framebufferfactory.cpp */ = {isa = PBXFileReference; fileEncoding = 4; lastKnownFileType = sourcecode.cpp.cpp; path = framebufferfactory.cpp; sourceTree = "<group>"; };
		A5AB0FEF1A76CD71000FDC2F /* rendercontext.cpp */ = {isa = PBXFileReference; fileEncoding = 4; lastKnownFileType = sourcecode.cpp.cpp; path = rendercontext.cpp; sourceTree = "<group>"; };
		A5AB0FF01A76CD71000FDC2F /* rendering.cpp */ = {isa = PBXFileReference; fileEncoding = 4; lastKnownFileType = sourcecode.cpp.cpp; path = rendering.cpp; sourceTree = "<group>"; };
		A5AB0FF11A76CD71000FDC2F /* texturefactory.cpp */ = {isa = PBXFileReference; fileEncoding = 4; lastKnownFileType = sourcecode.cpp.cpp; path = texturefactory.cpp; sourceTree = "<group>"; };
		A5AB0FF21A76CD71000FDC2F /* textureloadingthread.cpp */ = {isa = PBXFileReference; fileEncoding = 4; lastKnownFileType = sourcecode.cpp.cpp; path = textureloadingthread.cpp; sourceTree = "<group>"; };
		A5AB0FF31A76CD71000FDC2F /* vertexbufferfactory.cpp */ = {isa = PBXFileReference; fileEncoding = 4; lastKnownFileType = sourcecode.cpp.cpp; path = vertexbufferfactory.cpp; sourceTree = "<group>"; };
		A5AB10011A76CD71000FDC2F /* taskpool.cpp */ = {isa = PBXFileReference; fileEncoding = 4; lastKnownFileType = sourcecode.cpp.cpp; path = taskpool.cpp; sourceTree = "<group>"; };
		A5AB10031A76CD71000FDC2F /* notifytimer.cpp */ = {isa = PBXFileReference; fileEncoding = 4; lastKnownFileType = sourcecode.cpp.cpp; path = notifytimer.cpp; sourceTree = "<group>"; };
		A5AB10041A76CD71000FDC2F /* sequence.cpp */ = {isa = PBXFileReference; fileEncoding = 4; lastKnownFileType = sourcecode.cpp.cpp; path = sequence.cpp; sourceTree = "<group>"; };
		A5AB10051A76CD71000FDC2F /* timedobject.cpp */ = {isa = PBXFileReference; fileEncoding = 4; lastKnownFileType = sourcecode.cpp.cpp; path = timedobject.cpp; sourceTree = "<group>"; };
		A5AB10061A76CD71000FDC2F /* timerpool.cpp */ = {isa = PBXFileReference; fileEncoding = 4; lastKnownFileType = sourcecode.cpp.cpp; path = timerpool.cpp; sourceTree = "<group>"; };
		A5AB10081A76CD71000FDC2F /* indexarray.cpp */ = {isa = PBXFileReference; fileEncoding = 4; lastKnownFileType = sourcecode.cpp.cpp; path = indexarray.cpp; sourceTree = "<group>"; };
		A5AB10091A76CD71000FDC2F /* vertexarray.cpp */ = {isa = PBXFileReference; fileEncoding = 4; lastKnownFileType = sourcecode.cpp.cpp; path = vertexarray.cpp; sourceTree = "<group>"; };
		A5AB100A1A76CD71000FDC2F /* vertexdatachunk.cpp */ = {isa = PBXFileReference; fileEncoding = 4; lastKnownFileType = sourcecode.cpp.cpp; path = vertexdatachunk.cpp; sourceTree = "<group>"; };
		A5AB100B1A76CD71000FDC2F /* vertexdeclaration.cpp */ = {isa = PBXFileReference; fileEncoding = 4; lastKnownFileType = sourcecode.cpp.cpp; path = vertexdeclaration.cpp; sourceTree = "<group>"; };
		A5AB10681A76CF37000FDC2F /* geometry.cpp */ = {isa = PBXFileReference; fileEncoding = 4; lastKnownFileType = sourcecode.cpp.cpp; path = geometry.cpp; sourceTree = "<group>"; };
		A5AB10691A76CF37000FDC2F /* rectplacer.cpp */ = {isa = PBXFileReference; fileEncoding = 4; lastKnownFileType = sourcecode.cpp.cpp; path = rectplacer.cpp; sourceTree = "<group>"; };
		A5F093FA18A00A1E0017B239 /* EnvMapBlur.app */ = {isa = PBXFileReference; explicitFileType = wrapper.application; includeInIndex = 0; path = EnvMapBlur.app; sourceTree = BUILT_PRODUCTS_DIR; };
		A5F0940718A00A440017B239 /* main.cpp */ = {isa = PBXFileReference; fileEncoding = 4; lastKnownFileType = sourcecode.cpp.cpp; name = main.cpp; path = ../source/main.cpp; sourceTree = "<group>"; };
		A5F0940818A00A440017B239 /* MainController.cpp */ = {isa = PBXFileReference; fileEncoding = 4; lastKnownFileType = sourcecode.cpp.cpp; name = MainController.cpp; path = ../source/MainController.cpp; sourceTree = "<group>"; };
		A5F0940918A00A440017B239 /* MainController.h */ = {isa = PBXFileReference; fileEncoding = 4; lastKnownFileType = sourcecode.c.h; name = MainController.h; path = ../source/MainController.h; sourceTree = "<group>"; };
		A5F0958618A00C0C0017B239 /* Foundation.framework */ = {isa = PBXFileReference; lastKnownFileType = wrapper.framework; name = Foundation.framework; path = System/Library/Frameworks/Foundation.framework; sourceTree = SDKROOT; };
		A5F0958818A00C0F0017B239 /* CoreGraphics.framework */ = {isa = PBXFileReference; lastKnownFileType = wrapper.framework; name = CoreGraphics.framework; path = System/Library/Frameworks/CoreGraphics.framework; sourceTree = SDKROOT; };
		A5F0958A18A00C120017B239 /* OpenGL.framework */ = {isa = PBXFileReference; lastKnownFileType = wrapper.framework; name = OpenGL.framework; path = System/Library/Frameworks/OpenGL.framework; sourceTree = SDKROOT; };
		A5F0958E18A00C1B0017B239 /* CoreVideo.framework */ = {isa = PBXFileReference; lastKnownFileType = wrapper.framework; name = CoreVideo.framework; path = System/Library/Frameworks/CoreVideo.framework; sourceTree = SDKROOT; };
		A5F0959018A00C200017B239 /* AppKit.framework */ = {isa = PBXFileReference; lastKnownFileType = wrapper.framework; name = AppKit.framework; path = System/Library/Frameworks/AppKit.framework; sourceTree = SDKROOT; };
		A5F095D718A00F300017B239 /* EnvMapBlur-Info.plist */ = {isa = PBXFileReference; lastKnownFileType = text.plist.xml; path = "EnvMapBlur-Info.plist"; sourceTree = "<group>"; };
/* End PBXFileReference section */

/* Begin PBXFrameworksBuildPhase section */
		A5F093F718A00A1E0017B239 /* Frameworks */ = {
			isa = PBXFrameworksBuildPhase;
			buildActionMask = 2147483647;
			files = (
				A5F0959118A00C200017B239 /* AppKit.framework in Frameworks */,
				A5F0958F18A00C1B0017B239 /* CoreVideo.framework in Frameworks */,
				A5F0958B18A00C120017B239 /* OpenGL.framework in Frameworks */,
				A5F0958918A00C0F0017B239 /* CoreGraphics.framework in Frameworks */,
				A5F0958718A00C0C0017B239 /* Foundation.framework in Frameworks */,
			);
			runOnlyForDeploymentPostprocessing = 0;
		};
/* End PBXFrameworksBuildPhase section */

/* Begin PBXGroup section */
		A5896B9918A0276900962607 /* engine-ext */ = {
			isa = PBXGroup;
			children = (
				A5896B9A18A0279A00962607 /* include */,
				A5896BC118A0279A00962607 /* src */,
			);
			name = "engine-ext";
			sourceTree = "<group>";
		};
		A5896B9A18A0279A00962607 /* include */ = {
			isa = PBXGroup;
			children = (
				A5896BA018A0279A00962607 /* json */,
				A5896BA218A0279A00962607 /* scene2d */,
			);
			name = include;
			path = ../../../include;
			sourceTree = "<group>";
		};
		A5896BA018A0279A00962607 /* json */ = {
			isa = PBXGroup;
			children = (
			);
			name = json;
			path = "et-ext/json";
			sourceTree = "<group>";
		};
		A5896BA218A0279A00962607 /* scene2d */ = {
			isa = PBXGroup;
			children = (
				A5896BA318A0279A00962607 /* baseclasses.h */,
				A5896BA418A0279A00962607 /* baseconst.h */,
				A5896BA518A0279A00962607 /* button.h */,
				A5896BA718A0279A00962607 /* charactergenerator.h */,
				A5896BA918A0279A00962607 /* element2d.h */,
				A5896BAB18A0279A00962607 /* font.h */,
				A5896BAC18A0279A00962607 /* fontbase.h */,
				A5896BAE18A0279A00962607 /* fullscreenelement.h */,
				A5896BAF18A0279A00962607 /* imageview.h */,
				A5896BB018A0279A00962607 /* label.h */,
				A5896BB118A0279A00962607 /* layout.h */,
				A5896BB218A0279A00962607 /* listbox.h */,
				A5896BB418A0279A00962607 /* renderingelement.h */,
				A5896BB518A0279A00962607 /* scene.h */,
				A5896BB618A0279A00962607 /* scenerenderer.h */,
				A5896BB718A0279A00962607 /* scroll.h */,
				A5896BB818A0279A00962607 /* slider.h */,
				A5896BB918A0279A00962607 /* table.h */,
				A5896BBA18A0279A00962607 /* textfield.h */,
				A5896BBB18A0279A00962607 /* textureatlas.h */,
				A5896BBC18A0279A00962607 /* textureatlaswriter.h */,
				A5896BBD18A0279A00962607 /* vertexbuilder.h */,
			);
			name = scene2d;
			path = "et-ext/scene2d";
			sourceTree = "<group>";
		};
		A5896BC118A0279A00962607 /* src */ = {
			isa = PBXGroup;
			children = (
				A5896BCF18A0279A00962607 /* scene2d */,
			);
			name = src;
			path = ../../../src;
			sourceTree = "<group>";
		};
		A5896BCF18A0279A00962607 /* scene2d */ = {
			isa = PBXGroup;
			children = (
				A52D41AA1A252B1B005B1AD4 /* textelement.cpp */,
				A52D41A61A252A72005B1AD4 /* charactergenerator.cpp */,
				A52D41A71A252A72005B1AD4 /* charactergenerator.impl.cpp */,
				A5896BD018A0279A00962607 /* button.cpp */,
				A5896BD318A0279A00962607 /* element2d.cpp */,
				A5896BD518A0279A00962607 /* font.cpp */,
				A5896BD618A0279A00962607 /* fullscreenelement.cpp */,
				A5896BD718A0279A00962607 /* imageview.cpp */,
				A5896BD818A0279A00962607 /* label.cpp */,
				A5896BD918A0279A00962607 /* layout.cpp */,
				A5896BDA18A0279A00962607 /* listbox.cpp */,
				A5896BDC18A0279A00962607 /* renderingelement.cpp */,
				A5896BDD18A0279A00962607 /* scene.cpp */,
				A5896BDE18A0279A00962607 /* scenerenderer.cpp */,
				A5896BDF18A0279A00962607 /* scroll.cpp */,
				A5896BE018A0279A00962607 /* slider.cpp */,
				A5896BE118A0279A00962607 /* table.cpp */,
				A5896BE218A0279A00962607 /* textfield.cpp */,
				A5896BE318A0279A00962607 /* textureatlas.cpp */,
				A5896BE418A0279A00962607 /* textureatlaswriter.cpp */,
				A5896BE518A0279A00962607 /* vertexbuilder.cpp */,
			);
			path = scene2d;
			sourceTree = "<group>";
		};
		A5AB0F9D1A76CD70000FDC2F /* app */ = {
			isa = PBXGroup;
			children = (
				A5AB0F9E1A76CD70000FDC2F /* appevironment.cpp */,
				A5AB0F9F1A76CD70000FDC2F /* application.cpp */,
				A5AB0FA01A76CD70000FDC2F /* backgroundthread.cpp */,
				A5AB0FA11A76CD70000FDC2F /* events.cpp */,
				A5AB0FA21A76CD70000FDC2F /* invocation.cpp */,
				A5AB0FA31A76CD70000FDC2F /* pathresolver.cpp */,
				A5AB0FA41A76CD70000FDC2F /* runloop.cpp */,
			);
			name = app;
			path = ../../../../et/src/app;
			sourceTree = "<group>";
		};
		A5AB0FA51A76CD70000FDC2F /* camera */ = {
			isa = PBXGroup;
			children = (
				A5AB0FA61A76CD70000FDC2F /* camera.cpp */,
				A5AB0FA71A76CD70000FDC2F /* frustum.cpp */,
			);
			name = camera;
			path = ../../../../et/src/camera;
			sourceTree = "<group>";
		};
		A5AB0FA81A76CD70000FDC2F /* collision */ = {
			isa = PBXGroup;
			children = (
				A5AB0FA91A76CD70000FDC2F /* collision.cpp */,
			);
			name = collision;
			path = ../../../../et/src/collision;
			sourceTree = "<group>";
		};
		A5AB0FAA1A76CD70000FDC2F /* core */ = {
			isa = PBXGroup;
			children = (
				A5AB0FAB1A76CD70000FDC2F /* base64.cpp */,
				A5AB0FAC1A76CD70000FDC2F /* conversion.cpp */,
				A5AB0FAD1A76CD70000FDC2F /* dictionary.cpp */,
				A5AB0FAE1A76CD70000FDC2F /* et.cpp */,
				A5AB0FAF1A76CD70000FDC2F /* memoryallocator.cpp */,
				A5AB0FB01A76CD70000FDC2F /* objectscache.cpp */,
				A5AB0FB11A76CD70000FDC2F /* stream.cpp */,
				A5AB0FB21A76CD70000FDC2F /* tools.cpp */,
				A5AB0FB31A76CD70000FDC2F /* transformable.cpp */,
			);
			name = core;
			path = ../../../../et/src/core;
			sourceTree = "<group>";
		};
		A5AB0FB41A76CD70000FDC2F /* helpers */ = {
			isa = PBXGroup;
			children = (
				A5AB0FB51A76CD70000FDC2F /* terrain.cpp */,
				A5AB0FB61A76CD70000FDC2F /* terraindata.cpp */,
			);
			name = helpers;
			path = ../../../../et/src/helpers;
			sourceTree = "<group>";
		};
		A5AB0FB71A76CD70000FDC2F /* imaging */ = {
			isa = PBXGroup;
			children = (
				A5AB0FB81A76CD70000FDC2F /* ddsloader.cpp */,
				A5AB0FB91A76CD70000FDC2F /* hdrloader.cpp */,
				A5AB0FBA1A76CD70000FDC2F /* imageoperations.cpp */,
				A5AB0FBB1A76CD70000FDC2F /* imagewriter.cpp */,
				A5AB0FBC1A76CD70000FDC2F /* jpegloader.cpp */,
				A5AB0FBD1A76CD70000FDC2F /* pngloader.cpp */,
				A5AB0FBE1A76CD71000FDC2F /* pvrdecompressor.cpp */,
				A5AB0FBF1A76CD71000FDC2F /* pvrloader.cpp */,
				A5AB0FC01A76CD71000FDC2F /* textureloader.cpp */,
				A5AB0FC11A76CD71000FDC2F /* tgaloader.cpp */,
			);
			name = imaging;
			path = ../../../../et/src/imaging;
			sourceTree = "<group>";
		};
		A5AB0FC21A76CD71000FDC2F /* input */ = {
			isa = PBXGroup;
			children = (
				A5AB0FC31A76CD71000FDC2F /* gestures.cpp */,
				A5AB0FC41A76CD71000FDC2F /* input.cpp */,
			);
			name = input;
			path = ../../../../et/src/input;
			sourceTree = "<group>";
		};
		A5AB0FC51A76CD71000FDC2F /* json */ = {
			isa = PBXGroup;
			children = (
				A5AB0FC61A76CD71000FDC2F /* json.cpp */,
			);
			name = json;
			path = ../../../../et/src/json;
			sourceTree = "<group>";
		};
		A5AB0FC71A76CD71000FDC2F /* locale */ = {
			isa = PBXGroup;
			children = (
				A5AB0FC81A76CD71000FDC2F /* locale.cpp */,
			);
			name = locale;
			path = ../../../../et/src/locale;
			sourceTree = "<group>";
		};
		A5AB0FCC1A76CD71000FDC2F /* opengl */ = {
			isa = PBXGroup;
			children = (
				A5AB0FCD1A76CD71000FDC2F /* capabilities.cpp */,
				A5AB0FCE1A76CD71000FDC2F /* framebuffer.cpp */,
				A5AB0FCF1A76CD71000FDC2F /* indexbuffer.cpp */,
				A5AB0FD01A76CD71000FDC2F /* opengl.cpp */,
				A5AB0FD11A76CD71000FDC2F /* program.cpp */,
				A5AB0FD21A76CD71000FDC2F /* programfactory.cpp */,
				A5AB0FD31A76CD71000FDC2F /* renderer.cpp */,
				A5AB0FD41A76CD71000FDC2F /* renderstate.cpp */,
				A5AB0FD51A76CD71000FDC2F /* texture.cpp */,
				A5AB0FD61A76CD71000FDC2F /* vertexarrayobject.cpp */,
				A5AB0FD71A76CD71000FDC2F /* vertexbuffer.cpp */,
			);
			name = opengl;
			path = ../../../../et/src/opengl;
			sourceTree = "<group>";
		};
		A5AB0FD81A76CD71000FDC2F /* platform-apple */ = {
			isa = PBXGroup;
			children = (
				A5AB0FDA1A76CD71000FDC2F /* locale.apple.mm */,
				A5AB0FDB1A76CD71000FDC2F /* log.apple.mm */,
				A5AB0FDC1A76CD71000FDC2F /* memory.apple.mm */,
				A5AB0FDD1A76CD71000FDC2F /* tools.apple.mm */,
			);
			name = "platform-apple";
			path = "../../../../et/src/platform-apple";
			sourceTree = "<group>";
		};
		A5AB0FDE1A76CD71000FDC2F /* platform-mac */ = {
			isa = PBXGroup;
			children = (
				A5AB0FDF1A76CD71000FDC2F /* application.mac.mm */,
				A5AB0FE01A76CD71000FDC2F /* input.mac.mm */,
				A5AB0FE11A76CD71000FDC2F /* mac.mm */,
				A5AB0FE21A76CD71000FDC2F /* platformtools.mac.mm */,
				A5AB0FE31A76CD71000FDC2F /* rendercontext.mac.mm */,
			);
			name = "platform-mac";
			path = "../../../../et/src/platform-mac";
			sourceTree = "<group>";
		};
		A5AB0FE51A76CD71000FDC2F /* platform-unix */ = {
			isa = PBXGroup;
			children = (
				A5AB0FE61A76CD71000FDC2F /* atomiccounter.unix.cpp */,
				A5AB0FE71A76CD71000FDC2F /* criticalsection.unix.cpp */,
				A5AB0FE81A76CD71000FDC2F /* mutex.unix.cpp */,
				A5AB0FE91A76CD71000FDC2F /* thread.unix.cpp */,
				A5AB0FEA1A76CD71000FDC2F /* threading.unix.cpp */,
			);
			name = "platform-unix";
			path = "../../../../et/src/platform-unix";
			sourceTree = "<group>";
		};
		A5AB0FEB1A76CD71000FDC2F /* primitives */ = {
			isa = PBXGroup;
			children = (
				A5AB0FEC1A76CD71000FDC2F /* primitives.cpp */,
			);
			name = primitives;
			path = ../../../../et/src/primitives;
			sourceTree = "<group>";
		};
		A5AB0FED1A76CD71000FDC2F /* rendering */ = {
			isa = PBXGroup;
			children = (
				A5AB0FEE1A76CD71000FDC2F /* framebufferfactory.cpp */,
				A5AB0FEF1A76CD71000FDC2F /* rendercontext.cpp */,
				A5AB0FF01A76CD71000FDC2F /* rendering.cpp */,
				A5AB0FF11A76CD71000FDC2F /* texturefactory.cpp */,
				A5AB0FF21A76CD71000FDC2F /* textureloadingthread.cpp */,
				A5AB0FF31A76CD71000FDC2F /* vertexbufferfactory.cpp */,
			);
			name = rendering;
			path = ../../../../et/src/rendering;
			sourceTree = "<group>";
		};
		A5AB10001A76CD71000FDC2F /* tasks */ = {
			isa = PBXGroup;
			children = (
				A5AB10011A76CD71000FDC2F /* taskpool.cpp */,
			);
			name = tasks;
			path = ../../../../et/src/tasks;
			sourceTree = "<group>";
		};
		A5AB10021A76CD71000FDC2F /* timers */ = {
			isa = PBXGroup;
			children = (
				A5AB10031A76CD71000FDC2F /* notifytimer.cpp */,
				A5AB10041A76CD71000FDC2F /* sequence.cpp */,
				A5AB10051A76CD71000FDC2F /* timedobject.cpp */,
				A5AB10061A76CD71000FDC2F /* timerpool.cpp */,
			);
			name = timers;
			path = ../../../../et/src/timers;
			sourceTree = "<group>";
		};
		A5AB10071A76CD71000FDC2F /* vertexbuffer */ = {
			isa = PBXGroup;
			children = (
				A5AB10081A76CD71000FDC2F /* indexarray.cpp */,
				A5AB10091A76CD71000FDC2F /* vertexarray.cpp */,
				A5AB100A1A76CD71000FDC2F /* vertexdatachunk.cpp */,
				A5AB100B1A76CD71000FDC2F /* vertexdeclaration.cpp */,
			);
			name = vertexbuffer;
			path = ../../../../et/src/vertexbuffer;
			sourceTree = "<group>";
		};
		A5AB10671A76CF37000FDC2F /* geometry */ = {
			isa = PBXGroup;
			children = (
				A5AB10681A76CF37000FDC2F /* geometry.cpp */,
				A5AB10691A76CF37000FDC2F /* rectplacer.cpp */,
			);
			name = geometry;
			path = ../../../../et/src/geometry;
			sourceTree = "<group>";
		};
		A5F093F118A00A1E0017B239 = {
			isa = PBXGroup;
			children = (
				A5F0940C18A00AC30017B239 /* engine */,
				A5896B9918A0276900962607 /* engine-ext */,
				A5F0940618A00A350017B239 /* source */,
				A5F0958318A00BD60017B239 /* lib */,
				A5F095D818A00F320017B239 /* supporting */,
				A5F093FB18A00A1E0017B239 /* Products */,
			);
			sourceTree = "<group>";
		};
		A5F093FB18A00A1E0017B239 /* Products */ = {
			isa = PBXGroup;
			children = (
				A5F093FA18A00A1E0017B239 /* EnvMapBlur.app */,
			);
			name = Products;
			sourceTree = "<group>";
		};
		A5F0940618A00A350017B239 /* source */ = {
			isa = PBXGroup;
			children = (
				A5F0940718A00A440017B239 /* main.cpp */,
				A5F0940818A00A440017B239 /* MainController.cpp */,
				A5F0940918A00A440017B239 /* MainController.h */,
				A5896C0518A0289600962607 /* MainUI.cpp */,
				A5896C0618A0289600962607 /* MainUI.h */,
				A5896C0818A028FC00962607 /* ResourceManager.cpp */,
				A5896C0918A028FC00962607 /* ResourceManager.h */,
			);
			name = source;
			sourceTree = "<group>";
		};
		A5F0940C18A00AC30017B239 /* engine */ = {
			isa = PBXGroup;
			children = (
				A5AB0F9D1A76CD70000FDC2F /* app */,
				A5AB0FA51A76CD70000FDC2F /* camera */,
				A5AB0FA81A76CD70000FDC2F /* collision */,
				A5AB0FAA1A76CD70000FDC2F /* core */,
				A5AB10671A76CF37000FDC2F /* geometry */,
				A5AB0FB41A76CD70000FDC2F /* helpers */,
				A5AB0FB71A76CD70000FDC2F /* imaging */,
				A5AB0FC21A76CD71000FDC2F /* input */,
				A5AB0FC51A76CD71000FDC2F /* json */,
				A5AB0FC71A76CD71000FDC2F /* locale */,
				A5AB0FCC1A76CD71000FDC2F /* opengl */,
				A5AB0FD81A76CD71000FDC2F /* platform-apple */,
				A5AB0FDE1A76CD71000FDC2F /* platform-mac */,
				A5AB0FE51A76CD71000FDC2F /* platform-unix */,
				A5AB0FEB1A76CD71000FDC2F /* primitives */,
				A5AB0FED1A76CD71000FDC2F /* rendering */,
				A5AB10001A76CD71000FDC2F /* tasks */,
				A5AB10021A76CD71000FDC2F /* timers */,
				A5AB10071A76CD71000FDC2F /* vertexbuffer */,
			);
			name = engine;
			sourceTree = "<group>";
		};
		A5F0958318A00BD60017B239 /* lib */ = {
			isa = PBXGroup;
			children = (
				A5F0959018A00C200017B239 /* AppKit.framework */,
				A5F0958E18A00C1B0017B239 /* CoreVideo.framework */,
				A5F0958A18A00C120017B239 /* OpenGL.framework */,
				A5F0958818A00C0F0017B239 /* CoreGraphics.framework */,
				A5F0958618A00C0C0017B239 /* Foundation.framework */,
			);
			name = lib;
			sourceTree = "<group>";
		};
		A5F095D818A00F320017B239 /* supporting */ = {
			isa = PBXGroup;
			children = (
				A5F095D718A00F300017B239 /* EnvMapBlur-Info.plist */,
			);
			name = supporting;
			sourceTree = "<group>";
		};
/* End PBXGroup section */

/* Begin PBXNativeTarget section */
		A5F093F918A00A1E0017B239 /* EnvMapBlur */ = {
			isa = PBXNativeTarget;
			buildConfigurationList = A5F0940318A00A1E0017B239 /* Build configuration list for PBXNativeTarget "EnvMapBlur" */;
			buildPhases = (
				A5F093F618A00A1E0017B239 /* Sources */,
				A5F093F718A00A1E0017B239 /* Frameworks */,
				A5F093F818A00A1E0017B239 /* CopyFiles */,
				A5F095D918A00FD70017B239 /* Resources */,
			);
			buildRules = (
			);
			dependencies = (
			);
			name = EnvMapBlur;
			productName = EnvMapBlur;
			productReference = A5F093FA18A00A1E0017B239 /* EnvMapBlur.app */;
			productType = "com.apple.product-type.application";
		};
/* End PBXNativeTarget section */

/* Begin PBXProject section */
		A5F093F218A00A1E0017B239 /* Project object */ = {
			isa = PBXProject;
			attributes = {
				LastUpgradeCheck = 0610;
				ORGANIZATIONNAME = Cheetek;
			};
			buildConfigurationList = A5F093F518A00A1E0017B239 /* Build configuration list for PBXProject "EnvMapBlur" */;
			compatibilityVersion = "Xcode 3.2";
			developmentRegion = English;
			hasScannedForEncodings = 0;
			knownRegions = (
				en,
			);
			mainGroup = A5F093F118A00A1E0017B239;
			productRefGroup = A5F093FB18A00A1E0017B239 /* Products */;
			projectDirPath = "";
			projectRoot = "";
			targets = (
				A5F093F918A00A1E0017B239 /* EnvMapBlur */,
			);
		};
/* End PBXProject section */

/* Begin PBXResourcesBuildPhase section */
		A5F095D918A00FD70017B239 /* Resources */ = {
			isa = PBXResourcesBuildPhase;
			buildActionMask = 2147483647;
			files = (
			);
			runOnlyForDeploymentPostprocessing = 0;
		};
/* End PBXResourcesBuildPhase section */

/* Begin PBXSourcesBuildPhase section */
		A5F093F618A00A1E0017B239 /* Sources */ = {
			isa = PBXSourcesBuildPhase;
			buildActionMask = 2147483647;
			files = (
				A52D41AB1A252B1B005B1AD4 /* textelement.cpp in Sources */,
				A5AB10151A76CD71000FDC2F /* collision.cpp in Sources */,
				A5AB10661A76CD71000FDC2F /* vertexdeclaration.cpp in Sources */,
				A5AB10101A76CD71000FDC2F /* invocation.cpp in Sources */,
				A5AB104E1A76CD71000FDC2F /* rendercontext.cpp in Sources */,
				A5AB102E1A76CD71000FDC2F /* locale.cpp in Sources */,
				A5AB10271A76CD71000FDC2F /* pvrdecompressor.cpp in Sources */,
				A5AB10631A76CD71000FDC2F /* indexarray.cpp in Sources */,
				A5AB105F1A76CD71000FDC2F /* notifytimer.cpp in Sources */,
				A5AB10321A76CD71000FDC2F /* framebuffer.cpp in Sources */,
				A5896BFC18A0279A00962607 /* scroll.cpp in Sources */,
				A5AB10111A76CD71000FDC2F /* pathresolver.cpp in Sources */,
				A5AB10641A76CD71000FDC2F /* vertexarray.cpp in Sources */,
				A5AB101B1A76CD71000FDC2F /* objectscache.cpp in Sources */,
				A5896BF518A0279A00962607 /* label.cpp in Sources */,
				A5AB104A1A76CD71000FDC2F /* thread.unix.cpp in Sources */,
				A5896BF018A0279A00962607 /* element2d.cpp in Sources */,
				A5896BF418A0279A00962607 /* imageview.cpp in Sources */,
				A52D41A91A252A72005B1AD4 /* charactergenerator.impl.cpp in Sources */,
				A5AB101E1A76CD71000FDC2F /* transformable.cpp in Sources */,
				A5AB103E1A76CD71000FDC2F /* log.apple.mm in Sources */,
				A5896BF318A0279A00962607 /* fullscreenelement.cpp in Sources */,
				A5AB104F1A76CD71000FDC2F /* rendering.cpp in Sources */,
				A5AB104C1A76CD71000FDC2F /* primitives.cpp in Sources */,
				A5AB106B1A76CF37000FDC2F /* rectplacer.cpp in Sources */,
				A5896C0118A0279A00962607 /* textureatlaswriter.cpp in Sources */,
				A5F0940B18A00A440017B239 /* MainController.cpp in Sources */,
				A5AB10261A76CD71000FDC2F /* pngloader.cpp in Sources */,
				A5AB102D1A76CD71000FDC2F /* json.cpp in Sources */,
				A5AB10471A76CD71000FDC2F /* atomiccounter.unix.cpp in Sources */,
				A5AB10391A76CD71000FDC2F /* texture.cpp in Sources */,
				A5AB10171A76CD71000FDC2F /* conversion.cpp in Sources */,
				A5AB10191A76CD71000FDC2F /* et.cpp in Sources */,
				A5AB10121A76CD71000FDC2F /* runloop.cpp in Sources */,
				A5AB10201A76CD71000FDC2F /* terraindata.cpp in Sources */,
				A5AB10381A76CD71000FDC2F /* renderstate.cpp in Sources */,
				A5896BF618A0279A00962607 /* layout.cpp in Sources */,
				A5AB10181A76CD71000FDC2F /* dictionary.cpp in Sources */,
				A5AB104B1A76CD71000FDC2F /* threading.unix.cpp in Sources */,
				A5AB10241A76CD71000FDC2F /* imagewriter.cpp in Sources */,
				A5AB10311A76CD71000FDC2F /* capabilities.cpp in Sources */,
				A5896C0B18A02BF500962607 /* ResourceManager.cpp in Sources */,
				A5AB10501A76CD71000FDC2F /* texturefactory.cpp in Sources */,
				A5AB101F1A76CD71000FDC2F /* terrain.cpp in Sources */,
				A5AB102A1A76CD71000FDC2F /* tgaloader.cpp in Sources */,
				A5896BF218A0279A00962607 /* font.cpp in Sources */,
				A5AB10231A76CD71000FDC2F /* imageoperations.cpp in Sources */,
				A5896BF718A0279A00962607 /* listbox.cpp in Sources */,
				A5896C0218A0279A00962607 /* vertexbuilder.cpp in Sources */,
				A5AB10411A76CD71000FDC2F /* application.mac.mm in Sources */,
				A5AB100D1A76CD71000FDC2F /* application.cpp in Sources */,
				A5AB10361A76CD71000FDC2F /* programfactory.cpp in Sources */,
				A52D41A81A252A72005B1AD4 /* charactergenerator.cpp in Sources */,
				A5AB10481A76CD71000FDC2F /* criticalsection.unix.cpp in Sources */,
				A5AB10341A76CD71000FDC2F /* opengl.cpp in Sources */,
				A5896BFE18A0279A00962607 /* table.cpp in Sources */,
				A5896BFF18A0279A00962607 /* textfield.cpp in Sources */,
				A5AB10371A76CD71000FDC2F /* renderer.cpp in Sources */,
				A5F0940A18A00A440017B239 /* main.cpp in Sources */,
				A5AB10611A76CD71000FDC2F /* timedobject.cpp in Sources */,
				A5896BFB18A0279A00962607 /* scenerenderer.cpp in Sources */,
				A5AB10521A76CD71000FDC2F /* vertexbufferfactory.cpp in Sources */,
				A5AB104D1A76CD71000FDC2F /* framebufferfactory.cpp in Sources */,
				A5AB10401A76CD71000FDC2F /* tools.apple.mm in Sources */,
				A5896BFA18A0279A00962607 /* scene.cpp in Sources */,
				A5AB10431A76CD71000FDC2F /* mac.mm in Sources */,
				A5AB100E1A76CD71000FDC2F /* backgroundthread.cpp in Sources */,
				A5AB10131A76CD71000FDC2F /* camera.cpp in Sources */,
				A5AB10351A76CD71000FDC2F /* program.cpp in Sources */,
				A5AB10141A76CD71000FDC2F /* frustum.cpp in Sources */,
				A5AB10221A76CD71000FDC2F /* hdrloader.cpp in Sources */,
				A5AB105E1A76CD71000FDC2F /* taskpool.cpp in Sources */,
				A5AB100F1A76CD71000FDC2F /* events.cpp in Sources */,
				A5AB103D1A76CD71000FDC2F /* locale.apple.mm in Sources */,
				A5896BF918A0279A00962607 /* renderingelement.cpp in Sources */,
				A5AB103F1A76CD71000FDC2F /* memory.apple.mm in Sources */,
				A5AB102B1A76CD71000FDC2F /* gestures.cpp in Sources */,
				A5896BED18A0279A00962607 /* button.cpp in Sources */,
				A5AB10331A76CD71000FDC2F /* indexbuffer.cpp in Sources */,
				A5AB10491A76CD71000FDC2F /* mutex.unix.cpp in Sources */,
				A5AB100C1A76CD71000FDC2F /* appevironment.cpp in Sources */,
				A5AB102C1A76CD71000FDC2F /* input.cpp in Sources */,
				A5AB10621A76CD71000FDC2F /* timerpool.cpp in Sources */,
				A5AB10601A76CD71000FDC2F /* sequence.cpp in Sources */,
				A5AB10161A76CD71000FDC2F /* base64.cpp in Sources */,
				A5AB10281A76CD71000FDC2F /* pvrloader.cpp in Sources */,
				A5AB10651A76CD71000FDC2F /* vertexdatachunk.cpp in Sources */,
				A5AB10421A76CD71000FDC2F /* input.mac.mm in Sources */,
				A5896C0018A0279A00962607 /* textureatlas.cpp in Sources */,
				A5AB10251A76CD71000FDC2F /* jpegloader.cpp in Sources */,
				A5AB10511A76CD71000FDC2F /* textureloadingthread.cpp in Sources */,
				A5AB10451A76CD71000FDC2F /* rendercontext.mac.mm in Sources */,
				A5AB10441A76CD71000FDC2F /* platformtools.mac.mm in Sources */,
				A5AB101D1A76CD71000FDC2F /* tools.cpp in Sources */,
				A5AB10291A76CD71000FDC2F /* textureloader.cpp in Sources */,
				A5896BFD18A0279A00962607 /* slider.cpp in Sources */,
				A5AB103A1A76CD71000FDC2F /* vertexarrayobject.cpp in Sources */,
				A5AB101A1A76CD71000FDC2F /* memoryallocator.cpp in Sources */,
				A5896C0718A0289600962607 /* MainUI.cpp in Sources */,
				A5AB101C1A76CD71000FDC2F /* stream.cpp in Sources */,
				A5AB10211A76CD71000FDC2F /* ddsloader.cpp in Sources */,
				A5AB103B1A76CD71000FDC2F /* vertexbuffer.cpp in Sources */,
				A5AB106A1A76CF37000FDC2F /* geometry.cpp in Sources */,
			);
			runOnlyForDeploymentPostprocessing = 0;
		};
/* End PBXSourcesBuildPhase section */

/* Begin XCBuildConfiguration section */
		A5F0940118A00A1E0017B239 /* Debug */ = {
			isa = XCBuildConfiguration;
			buildSettings = {
				ALWAYS_SEARCH_USER_PATHS = NO;
				CLANG_CXX_LANGUAGE_STANDARD = "gnu++0x";
				CLANG_CXX_LIBRARY = "libc++";
				CLANG_ENABLE_MODULES = YES;
				CLANG_ENABLE_OBJC_ARC = YES;
				CLANG_WARN_BOOL_CONVERSION = YES;
				CLANG_WARN_CONSTANT_CONVERSION = YES;
				CLANG_WARN_DIRECT_OBJC_ISA_USAGE = YES_ERROR;
				CLANG_WARN_EMPTY_BODY = YES;
				CLANG_WARN_ENUM_CONVERSION = YES;
				CLANG_WARN_INT_CONVERSION = YES;
				CLANG_WARN_OBJC_ROOT_CLASS = YES_ERROR;
				CLANG_WARN__DUPLICATE_METHOD_MATCH = YES;
				COPY_PHASE_STRIP = NO;
				GCC_C_LANGUAGE_STANDARD = gnu99;
				GCC_DYNAMIC_NO_PIC = NO;
				GCC_ENABLE_OBJC_EXCEPTIONS = YES;
				GCC_OPTIMIZATION_LEVEL = 0;
				GCC_PREPROCESSOR_DEFINITIONS = (
					"DEBUG=1",
					"$(inherited)",
				);
				GCC_SYMBOLS_PRIVATE_EXTERN = NO;
				GCC_WARN_64_TO_32_BIT_CONVERSION = YES;
				GCC_WARN_ABOUT_RETURN_TYPE = YES_ERROR;
				GCC_WARN_UNDECLARED_SELECTOR = YES;
				GCC_WARN_UNINITIALIZED_AUTOS = YES_AGGRESSIVE;
				GCC_WARN_UNUSED_FUNCTION = YES;
				GCC_WARN_UNUSED_VARIABLE = YES;
				MACOSX_DEPLOYMENT_TARGET = 10.9;
				ONLY_ACTIVE_ARCH = YES;
				PRODUCT_NAME = EnvMapBlur;
				SDKROOT = macosx;
			};
			name = Debug;
		};
		A5F0940218A00A1E0017B239 /* Release */ = {
			isa = XCBuildConfiguration;
			buildSettings = {
				ALWAYS_SEARCH_USER_PATHS = NO;
				CLANG_CXX_LANGUAGE_STANDARD = "gnu++0x";
				CLANG_CXX_LIBRARY = "libc++";
				CLANG_ENABLE_MODULES = YES;
				CLANG_ENABLE_OBJC_ARC = YES;
				CLANG_WARN_BOOL_CONVERSION = YES;
				CLANG_WARN_CONSTANT_CONVERSION = YES;
				CLANG_WARN_DIRECT_OBJC_ISA_USAGE = YES_ERROR;
				CLANG_WARN_EMPTY_BODY = YES;
				CLANG_WARN_ENUM_CONVERSION = YES;
				CLANG_WARN_INT_CONVERSION = YES;
				CLANG_WARN_OBJC_ROOT_CLASS = YES_ERROR;
				CLANG_WARN__DUPLICATE_METHOD_MATCH = YES;
				COPY_PHASE_STRIP = YES;
				DEBUG_INFORMATION_FORMAT = "dwarf-with-dsym";
				ENABLE_NS_ASSERTIONS = NO;
				GCC_C_LANGUAGE_STANDARD = gnu99;
				GCC_ENABLE_OBJC_EXCEPTIONS = YES;
				GCC_WARN_64_TO_32_BIT_CONVERSION = YES;
				GCC_WARN_ABOUT_RETURN_TYPE = YES_ERROR;
				GCC_WARN_UNDECLARED_SELECTOR = YES;
				GCC_WARN_UNINITIALIZED_AUTOS = YES_AGGRESSIVE;
				GCC_WARN_UNUSED_FUNCTION = YES;
				GCC_WARN_UNUSED_VARIABLE = YES;
				MACOSX_DEPLOYMENT_TARGET = 10.9;
				PRODUCT_NAME = EnvMapBlur;
				SDKROOT = macosx;
			};
			name = Release;
		};
		A5F0940418A00A1E0017B239 /* Debug */ = {
			isa = XCBuildConfiguration;
			buildSettings = {
				COMBINE_HIDPI_IMAGES = YES;
				HEADER_SEARCH_PATHS = (
					"\"$PROJECT_DIR/../../../../et/include\"",
					"\"$PROJECT_DIR/../../../include\"",
					"$(inherited)",
				);
				INFOPLIST_FILE = "EnvMapBlur-Info.plist";
				LIBRARY_SEARCH_PATHS = (
					"$(inherited)",
					"\"$PROJECT_DIR/../../../../et/lib/osx\"",
					"\"$PROJECT_DIR/../../../lib/osx\"",
				);
				OTHER_LDFLAGS = (
					"-lpng",
					"-ljpeg",
					"-lfreetype",
					"-ljpeg",
					"-ljansson",
					"-lz",
				);
				PRODUCT_NAME = "$(TARGET_NAME)";
			};
			name = Debug;
		};
		A5F0940518A00A1E0017B239 /* Release */ = {
			isa = XCBuildConfiguration;
			buildSettings = {
				COMBINE_HIDPI_IMAGES = YES;
				HEADER_SEARCH_PATHS = (
					"\"$PROJECT_DIR/../../../../et/include\"",
					"\"$PROJECT_DIR/../../../include\"",
					"$(inherited)",
				);
				INFOPLIST_FILE = "EnvMapBlur-Info.plist";
				LIBRARY_SEARCH_PATHS = (
					"$(inherited)",
					"\"$PROJECT_DIR/../../../../et/lib/osx\"",
					"\"$PROJECT_DIR/../../../lib/osx\"",
				);
				OTHER_LDFLAGS = (
					"-lpng",
					"-ljpeg",
					"-lfreetype",
					"-ljpeg",
					"-ljansson",
					"-lz",
				);
				PRODUCT_NAME = "$(TARGET_NAME)";
			};
			name = Release;
		};
/* End XCBuildConfiguration section */

/* Begin XCConfigurationList section */
		A5F093F518A00A1E0017B239 /* Build configuration list for PBXProject "EnvMapBlur" */ = {
			isa = XCConfigurationList;
			buildConfigurations = (
				A5F0940118A00A1E0017B239 /* Debug */,
				A5F0940218A00A1E0017B239 /* Release */,
			);
			defaultConfigurationIsVisible = 0;
			defaultConfigurationName = Release;
		};
		A5F0940318A00A1E0017B239 /* Build configuration list for PBXNativeTarget "EnvMapBlur" */ = {
			isa = XCConfigurationList;
			buildConfigurations = (
				A5F0940418A00A1E0017B239 /* Debug */,
				A5F0940518A00A1E0017B239 /* Release */,
			);
			defaultConfigurationIsVisible = 0;
			defaultConfigurationName = Release;
		};
/* End XCConfigurationList section */
	};
	rootObject = A5F093F218A00A1E0017B239 /* Project object */;
}
