// !$*UTF8*$!
{
	archiveVersion = 1;
	classes = {
	};
	objectVersion = 46;
	objects = {

/* Begin PBXBuildFile section */
		5C7477341EDDDE4700748DA9 /* scene2d.pack.cxx in Sources */ = {isa = PBXBuildFile; fileRef = 5C7477021EDDDE4700748DA9 /* scene2d.pack.cxx */; };
/* End PBXBuildFile section */

/* Begin PBXFileReference section */
		5C7476681EDDD94700748DA9 /* libet-ext-static.a */ = {isa = PBXFileReference; explicitFileType = archive.ar; includeInIndex = 0; path = "libet-ext-static.a"; sourceTree = BUILT_PRODUCTS_DIR; };
		5C7477021EDDDE4700748DA9 /* scene2d.pack.cxx */ = {isa = PBXFileReference; fileEncoding = 4; lastKnownFileType = sourcecode.cpp.cpp; path = scene2d.pack.cxx; sourceTree = "<group>"; };
		5CB4DFEF1EDDE78600C9DCAA /* baseclasses.h */ = {isa = PBXFileReference; lastKnownFileType = sourcecode.c.h; path = baseclasses.h; sourceTree = "<group>"; };
		5CB4DFF01EDDE78600C9DCAA /* baseconst.h */ = {isa = PBXFileReference; lastKnownFileType = sourcecode.c.h; path = baseconst.h; sourceTree = "<group>"; };
		5CB4DFF11EDDE78600C9DCAA /* button.h */ = {isa = PBXFileReference; lastKnownFileType = sourcecode.c.h; path = button.h; sourceTree = "<group>"; };
		5CB4DFF21EDDE78600C9DCAA /* charactergenerator.h */ = {isa = PBXFileReference; lastKnownFileType = sourcecode.c.h; path = charactergenerator.h; sourceTree = "<group>"; };
		5CB4DFF31EDDE78600C9DCAA /* element2d.h */ = {isa = PBXFileReference; lastKnownFileType = sourcecode.c.h; path = element2d.h; sourceTree = "<group>"; };
		5CB4DFF41EDDE78600C9DCAA /* font.h */ = {isa = PBXFileReference; lastKnownFileType = sourcecode.c.h; path = font.h; sourceTree = "<group>"; };
		5CB4DFF51EDDE78600C9DCAA /* fontbase.h */ = {isa = PBXFileReference; lastKnownFileType = sourcecode.c.h; path = fontbase.h; sourceTree = "<group>"; };
		5CB4DFF61EDDE78600C9DCAA /* fullscreenelement.h */ = {isa = PBXFileReference; lastKnownFileType = sourcecode.c.h; path = fullscreenelement.h; sourceTree = "<group>"; };
		5CB4DFF71EDDE78600C9DCAA /* imageview.h */ = {isa = PBXFileReference; lastKnownFileType = sourcecode.c.h; path = imageview.h; sourceTree = "<group>"; };
		5CB4DFF81EDDE78600C9DCAA /* label.h */ = {isa = PBXFileReference; lastKnownFileType = sourcecode.c.h; path = label.h; sourceTree = "<group>"; };
		5CB4DFF91EDDE78600C9DCAA /* layout.h */ = {isa = PBXFileReference; lastKnownFileType = sourcecode.c.h; path = layout.h; sourceTree = "<group>"; };
		5CB4DFFA1EDDE78600C9DCAA /* line.h */ = {isa = PBXFileReference; lastKnownFileType = sourcecode.c.h; path = line.h; sourceTree = "<group>"; };
		5CB4DFFB1EDDE78600C9DCAA /* listbox.h */ = {isa = PBXFileReference; lastKnownFileType = sourcecode.c.h; path = listbox.h; sourceTree = "<group>"; };
		5CB4DFFC1EDDE78600C9DCAA /* particleselement.h */ = {isa = PBXFileReference; lastKnownFileType = sourcecode.c.h; path = particleselement.h; sourceTree = "<group>"; };
		5CB4DFFD1EDDE78600C9DCAA /* renderingelement.h */ = {isa = PBXFileReference; lastKnownFileType = sourcecode.c.h; path = renderingelement.h; sourceTree = "<group>"; };
		5CB4DFFE1EDDE78600C9DCAA /* scene.h */ = {isa = PBXFileReference; lastKnownFileType = sourcecode.c.h; path = scene.h; sourceTree = "<group>"; };
		5CB4DFFF1EDDE78600C9DCAA /* scenerenderer.h */ = {isa = PBXFileReference; lastKnownFileType = sourcecode.c.h; path = scenerenderer.h; sourceTree = "<group>"; };
		5CB4E0001EDDE78600C9DCAA /* scroll.h */ = {isa = PBXFileReference; lastKnownFileType = sourcecode.c.h; path = scroll.h; sourceTree = "<group>"; };
		5CB4E0011EDDE78600C9DCAA /* slider.h */ = {isa = PBXFileReference; lastKnownFileType = sourcecode.c.h; path = slider.h; sourceTree = "<group>"; };
		5CB4E0021EDDE78600C9DCAA /* table.h */ = {isa = PBXFileReference; lastKnownFileType = sourcecode.c.h; path = table.h; sourceTree = "<group>"; };
		5CB4E0031EDDE78600C9DCAA /* textelement.h */ = {isa = PBXFileReference; lastKnownFileType = sourcecode.c.h; path = textelement.h; sourceTree = "<group>"; };
		5CB4E0041EDDE78600C9DCAA /* textfield.h */ = {isa = PBXFileReference; lastKnownFileType = sourcecode.c.h; path = textfield.h; sourceTree = "<group>"; };
		5CB4E0051EDDE78600C9DCAA /* textureatlas.h */ = {isa = PBXFileReference; lastKnownFileType = sourcecode.c.h; path = textureatlas.h; sourceTree = "<group>"; };
		5CB4E0061EDDE78600C9DCAA /* textureatlaswriter.h */ = {isa = PBXFileReference; lastKnownFileType = sourcecode.c.h; path = textureatlaswriter.h; sourceTree = "<group>"; };
		5CB4E0071EDDE78600C9DCAA /* vertexbuilder.h */ = {isa = PBXFileReference; lastKnownFileType = sourcecode.c.h; path = vertexbuilder.h; sourceTree = "<group>"; };
		5CB4E0081EDDE78600C9DCAA /* button.cpp */ = {isa = PBXFileReference; lastKnownFileType = sourcecode.cpp.cpp; path = button.cpp; sourceTree = "<group>"; };
		5CB4E0091EDDE78600C9DCAA /* charactergenerator.cpp */ = {isa = PBXFileReference; lastKnownFileType = sourcecode.cpp.cpp; path = charactergenerator.cpp; sourceTree = "<group>"; };
		5CB4E00A1EDDE78600C9DCAA /* charactergenerator.impl.cpp */ = {isa = PBXFileReference; lastKnownFileType = sourcecode.cpp.cpp; path = charactergenerator.impl.cpp; sourceTree = "<group>"; };
		5CB4E00B1EDDE78600C9DCAA /* element2d.cpp */ = {isa = PBXFileReference; lastKnownFileType = sourcecode.cpp.cpp; path = element2d.cpp; sourceTree = "<group>"; };
		5CB4E00C1EDDE78600C9DCAA /* font.cpp */ = {isa = PBXFileReference; lastKnownFileType = sourcecode.cpp.cpp; path = font.cpp; sourceTree = "<group>"; };
		5CB4E00D1EDDE78600C9DCAA /* fullscreenelement.cpp */ = {isa = PBXFileReference; lastKnownFileType = sourcecode.cpp.cpp; path = fullscreenelement.cpp; sourceTree = "<group>"; };
		5CB4E00E1EDDE78600C9DCAA /* imageview.cpp */ = {isa = PBXFileReference; lastKnownFileType = sourcecode.cpp.cpp; path = imageview.cpp; sourceTree = "<group>"; };
		5CB4E00F1EDDE78600C9DCAA /* label.cpp */ = {isa = PBXFileReference; lastKnownFileType = sourcecode.cpp.cpp; path = label.cpp; sourceTree = "<group>"; };
		5CB4E0101EDDE78600C9DCAA /* layout.cpp */ = {isa = PBXFileReference; lastKnownFileType = sourcecode.cpp.cpp; path = layout.cpp; sourceTree = "<group>"; };
		5CB4E0111EDDE78600C9DCAA /* line.cpp */ = {isa = PBXFileReference; lastKnownFileType = sourcecode.cpp.cpp; path = line.cpp; sourceTree = "<group>"; };
		5CB4E0121EDDE78600C9DCAA /* listbox.cpp */ = {isa = PBXFileReference; lastKnownFileType = sourcecode.cpp.cpp; path = listbox.cpp; sourceTree = "<group>"; };
		5CB4E0131EDDE78600C9DCAA /* particleselement.cpp */ = {isa = PBXFileReference; lastKnownFileType = sourcecode.cpp.cpp; path = particleselement.cpp; sourceTree = "<group>"; };
		5CB4E0141EDDE78600C9DCAA /* renderingelement.cpp */ = {isa = PBXFileReference; lastKnownFileType = sourcecode.cpp.cpp; path = renderingelement.cpp; sourceTree = "<group>"; };
		5CB4E0151EDDE78600C9DCAA /* scene.cpp */ = {isa = PBXFileReference; lastKnownFileType = sourcecode.cpp.cpp; path = scene.cpp; sourceTree = "<group>"; };
		5CB4E0161EDDE78600C9DCAA /* scenerenderer.cpp */ = {isa = PBXFileReference; lastKnownFileType = sourcecode.cpp.cpp; path = scenerenderer.cpp; sourceTree = "<group>"; };
		5CB4E0171EDDE78600C9DCAA /* scroll.cpp */ = {isa = PBXFileReference; lastKnownFileType = sourcecode.cpp.cpp; path = scroll.cpp; sourceTree = "<group>"; };
		5CB4E0181EDDE78600C9DCAA /* slider.cpp */ = {isa = PBXFileReference; lastKnownFileType = sourcecode.cpp.cpp; path = slider.cpp; sourceTree = "<group>"; };
		5CB4E0191EDDE78600C9DCAA /* table.cpp */ = {isa = PBXFileReference; lastKnownFileType = sourcecode.cpp.cpp; path = table.cpp; sourceTree = "<group>"; };
		5CB4E01A1EDDE78600C9DCAA /* textelement.cpp */ = {isa = PBXFileReference; lastKnownFileType = sourcecode.cpp.cpp; path = textelement.cpp; sourceTree = "<group>"; };
		5CB4E01B1EDDE78600C9DCAA /* textfield.cpp */ = {isa = PBXFileReference; lastKnownFileType = sourcecode.cpp.cpp; path = textfield.cpp; sourceTree = "<group>"; };
		5CB4E01C1EDDE78600C9DCAA /* textureatlas.cpp */ = {isa = PBXFileReference; lastKnownFileType = sourcecode.cpp.cpp; path = textureatlas.cpp; sourceTree = "<group>"; };
		5CB4E01D1EDDE78600C9DCAA /* textureatlaswriter.cpp */ = {isa = PBXFileReference; lastKnownFileType = sourcecode.cpp.cpp; path = textureatlaswriter.cpp; sourceTree = "<group>"; };
		5CB4E01E1EDDE78600C9DCAA /* vertexbuilder.cpp */ = {isa = PBXFileReference; lastKnownFileType = sourcecode.cpp.cpp; path = vertexbuilder.cpp; sourceTree = "<group>"; };
/* End PBXFileReference section */

/* Begin PBXFrameworksBuildPhase section */
		5C7476651EDDD94700748DA9 /* Frameworks */ = {
			isa = PBXFrameworksBuildPhase;
			buildActionMask = 2147483647;
			files = (
			);
			runOnlyForDeploymentPostprocessing = 0;
		};
/* End PBXFrameworksBuildPhase section */

/* Begin PBXGroup section */
		5C74765F1EDDD94700748DA9 = {
			isa = PBXGroup;
			children = (
				5C7477011EDDDE4700748DA9 /* compile_packs */,
				5C7477031EDDDE4700748DA9 /* scene2d */,
				5C7476691EDDD94700748DA9 /* Products */,
			);
			sourceTree = "<group>";
		};
		5C7476691EDDD94700748DA9 /* Products */ = {
			isa = PBXGroup;
			children = (
				5C7476681EDDD94700748DA9 /* libet-ext-static.a */,
			);
			name = Products;
			sourceTree = "<group>";
		};
		5C7477011EDDDE4700748DA9 /* compile_packs */ = {
			isa = PBXGroup;
			children = (
				5C7477021EDDDE4700748DA9 /* scene2d.pack.cxx */,
			);
			name = compile_packs;
			path = "../include/et-ext/compile_packs";
			sourceTree = "<group>";
		};
		5C7477031EDDDE4700748DA9 /* scene2d */ = {
			isa = PBXGroup;
			children = (
				5CB4DFEF1EDDE78600C9DCAA /* baseclasses.h */,
				5CB4DFF01EDDE78600C9DCAA /* baseconst.h */,
				5CB4DFF11EDDE78600C9DCAA /* button.h */,
				5CB4DFF21EDDE78600C9DCAA /* charactergenerator.h */,
				5CB4DFF31EDDE78600C9DCAA /* element2d.h */,
				5CB4DFF41EDDE78600C9DCAA /* font.h */,
				5CB4DFF51EDDE78600C9DCAA /* fontbase.h */,
				5CB4DFF61EDDE78600C9DCAA /* fullscreenelement.h */,
				5CB4DFF71EDDE78600C9DCAA /* imageview.h */,
				5CB4DFF81EDDE78600C9DCAA /* label.h */,
				5CB4DFF91EDDE78600C9DCAA /* layout.h */,
				5CB4DFFA1EDDE78600C9DCAA /* line.h */,
				5CB4DFFB1EDDE78600C9DCAA /* listbox.h */,
				5CB4DFFC1EDDE78600C9DCAA /* particleselement.h */,
				5CB4DFFD1EDDE78600C9DCAA /* renderingelement.h */,
				5CB4DFFE1EDDE78600C9DCAA /* scene.h */,
				5CB4DFFF1EDDE78600C9DCAA /* scenerenderer.h */,
				5CB4E0001EDDE78600C9DCAA /* scroll.h */,
				5CB4E0011EDDE78600C9DCAA /* slider.h */,
				5CB4E0021EDDE78600C9DCAA /* table.h */,
				5CB4E0031EDDE78600C9DCAA /* textelement.h */,
				5CB4E0041EDDE78600C9DCAA /* textfield.h */,
				5CB4E0051EDDE78600C9DCAA /* textureatlas.h */,
				5CB4E0061EDDE78600C9DCAA /* textureatlaswriter.h */,
				5CB4E0071EDDE78600C9DCAA /* vertexbuilder.h */,
				5CB4E0081EDDE78600C9DCAA /* button.cpp */,
				5CB4E0091EDDE78600C9DCAA /* charactergenerator.cpp */,
				5CB4E00A1EDDE78600C9DCAA /* charactergenerator.impl.cpp */,
				5CB4E00B1EDDE78600C9DCAA /* element2d.cpp */,
				5CB4E00C1EDDE78600C9DCAA /* font.cpp */,
				5CB4E00D1EDDE78600C9DCAA /* fullscreenelement.cpp */,
				5CB4E00E1EDDE78600C9DCAA /* imageview.cpp */,
				5CB4E00F1EDDE78600C9DCAA /* label.cpp */,
				5CB4E0101EDDE78600C9DCAA /* layout.cpp */,
				5CB4E0111EDDE78600C9DCAA /* line.cpp */,
				5CB4E0121EDDE78600C9DCAA /* listbox.cpp */,
				5CB4E0131EDDE78600C9DCAA /* particleselement.cpp */,
				5CB4E0141EDDE78600C9DCAA /* renderingelement.cpp */,
				5CB4E0151EDDE78600C9DCAA /* scene.cpp */,
				5CB4E0161EDDE78600C9DCAA /* scenerenderer.cpp */,
				5CB4E0171EDDE78600C9DCAA /* scroll.cpp */,
				5CB4E0181EDDE78600C9DCAA /* slider.cpp */,
				5CB4E0191EDDE78600C9DCAA /* table.cpp */,
				5CB4E01A1EDDE78600C9DCAA /* textelement.cpp */,
				5CB4E01B1EDDE78600C9DCAA /* textfield.cpp */,
				5CB4E01C1EDDE78600C9DCAA /* textureatlas.cpp */,
				5CB4E01D1EDDE78600C9DCAA /* textureatlaswriter.cpp */,
				5CB4E01E1EDDE78600C9DCAA /* vertexbuilder.cpp */,
			);
			name = scene2d;
			path = "../include/et-ext/scene2d";
			sourceTree = "<group>";
		};
/* End PBXGroup section */

/* Begin PBXHeadersBuildPhase section */
		5C7476661EDDD94700748DA9 /* Headers */ = {
			isa = PBXHeadersBuildPhase;
			buildActionMask = 2147483647;
			files = (
			);
			runOnlyForDeploymentPostprocessing = 0;
		};
/* End PBXHeadersBuildPhase section */

/* Begin PBXNativeTarget section */
		5C7476671EDDD94700748DA9 /* et-ext-static */ = {
			isa = PBXNativeTarget;
			buildConfigurationList = 5C7476731EDDD94700748DA9 /* Build configuration list for PBXNativeTarget "et-ext-static" */;
			buildPhases = (
				5C7476641EDDD94700748DA9 /* Sources */,
				5C7476651EDDD94700748DA9 /* Frameworks */,
				5C7476661EDDD94700748DA9 /* Headers */,
			);
			buildRules = (
			);
			dependencies = (
			);
			name = "et-ext-static";
			productName = "et-ext-static";
			productReference = 5C7476681EDDD94700748DA9 /* libet-ext-static.a */;
			productType = "com.apple.product-type.library.static";
		};
/* End PBXNativeTarget section */

/* Begin PBXProject section */
		5C7476601EDDD94700748DA9 /* Project object */ = {
			isa = PBXProject;
			attributes = {
				LastUpgradeCheck = 0830;
				ORGANIZATIONNAME = "Sergey Reznik";
				TargetAttributes = {
					5C7476671EDDD94700748DA9 = {
						CreatedOnToolsVersion = 8.3.2;
						DevelopmentTeam = JQC2862XB5;
						ProvisioningStyle = Automatic;
					};
				};
			};
			buildConfigurationList = 5C7476631EDDD94700748DA9 /* Build configuration list for PBXProject "et-ext-static" */;
			compatibilityVersion = "Xcode 3.2";
			developmentRegion = English;
			hasScannedForEncodings = 0;
			knownRegions = (
				en,
			);
			mainGroup = 5C74765F1EDDD94700748DA9;
			productRefGroup = 5C7476691EDDD94700748DA9 /* Products */;
			projectDirPath = "";
			projectRoot = "";
			targets = (
				5C7476671EDDD94700748DA9 /* et-ext-static */,
			);
		};
/* End PBXProject section */

/* Begin PBXSourcesBuildPhase section */
		5C7476641EDDD94700748DA9 /* Sources */ = {
			isa = PBXSourcesBuildPhase;
			buildActionMask = 2147483647;
			files = (
				5C7477341EDDDE4700748DA9 /* scene2d.pack.cxx in Sources */,
			);
			runOnlyForDeploymentPostprocessing = 0;
		};
/* End PBXSourcesBuildPhase section */

/* Begin XCBuildConfiguration section */
		5C7476711EDDD94700748DA9 /* Debug */ = {
			isa = XCBuildConfiguration;
			buildSettings = {
				ALWAYS_SEARCH_USER_PATHS = NO;
				CLANG_ANALYZER_NONNULL = YES;
				CLANG_ANALYZER_NUMBER_OBJECT_CONVERSION = YES_AGGRESSIVE;
				CLANG_CXX_LANGUAGE_STANDARD = "gnu++0x";
				CLANG_CXX_LIBRARY = "libc++";
				CLANG_ENABLE_MODULES = YES;
				CLANG_ENABLE_OBJC_ARC = YES;
				CLANG_WARN_BOOL_CONVERSION = YES;
				CLANG_WARN_CONSTANT_CONVERSION = YES;
				CLANG_WARN_DIRECT_OBJC_ISA_USAGE = YES_ERROR;
				CLANG_WARN_DOCUMENTATION_COMMENTS = YES;
				CLANG_WARN_EMPTY_BODY = YES;
				CLANG_WARN_ENUM_CONVERSION = YES;
				CLANG_WARN_INFINITE_RECURSION = YES;
				CLANG_WARN_INT_CONVERSION = YES;
				CLANG_WARN_OBJC_ROOT_CLASS = YES_ERROR;
				CLANG_WARN_SUSPICIOUS_MOVE = YES;
				CLANG_WARN_UNREACHABLE_CODE = YES;
				CLANG_WARN__DUPLICATE_METHOD_MATCH = YES;
				CODE_SIGN_IDENTITY = "-";
				COPY_PHASE_STRIP = NO;
				DEBUG_INFORMATION_FORMAT = dwarf;
				ENABLE_STRICT_OBJC_MSGSEND = YES;
				ENABLE_TESTABILITY = YES;
				GCC_C_LANGUAGE_STANDARD = gnu99;
				GCC_DYNAMIC_NO_PIC = NO;
				GCC_INLINES_ARE_PRIVATE_EXTERN = YES;
				GCC_NO_COMMON_BLOCKS = YES;
				GCC_OPTIMIZATION_LEVEL = 0;
				GCC_PREPROCESSOR_DEFINITIONS = (
					"DEBUG=1",
					"$(inherited)",
				);
				GCC_SYMBOLS_PRIVATE_EXTERN = YES;
				GCC_WARN_64_TO_32_BIT_CONVERSION = YES;
				GCC_WARN_ABOUT_RETURN_TYPE = YES_ERROR;
				GCC_WARN_UNDECLARED_SELECTOR = YES;
				GCC_WARN_UNINITIALIZED_AUTOS = YES_AGGRESSIVE;
				GCC_WARN_UNUSED_FUNCTION = YES;
				GCC_WARN_UNUSED_VARIABLE = YES;
				HEADER_SEARCH_PATHS = (
					"\"$PROJECT_DIR/../include/\"",
					"\"$PROJECT_DIR/../../et-engine/include\"",
				);
				MACOSX_DEPLOYMENT_TARGET = 10.12;
				MTL_ENABLE_DEBUG_INFO = YES;
				ONLY_ACTIVE_ARCH = YES;
				SDKROOT = macosx;
				WARNING_CFLAGS = "-Wall";
			};
			name = Debug;
		};
		5C7476721EDDD94700748DA9 /* Release */ = {
			isa = XCBuildConfiguration;
			buildSettings = {
				ALWAYS_SEARCH_USER_PATHS = NO;
				CLANG_ANALYZER_NONNULL = YES;
				CLANG_ANALYZER_NUMBER_OBJECT_CONVERSION = YES_AGGRESSIVE;
				CLANG_CXX_LANGUAGE_STANDARD = "gnu++0x";
				CLANG_CXX_LIBRARY = "libc++";
				CLANG_ENABLE_MODULES = YES;
				CLANG_ENABLE_OBJC_ARC = YES;
				CLANG_WARN_BOOL_CONVERSION = YES;
				CLANG_WARN_CONSTANT_CONVERSION = YES;
				CLANG_WARN_DIRECT_OBJC_ISA_USAGE = YES_ERROR;
				CLANG_WARN_DOCUMENTATION_COMMENTS = YES;
				CLANG_WARN_EMPTY_BODY = YES;
				CLANG_WARN_ENUM_CONVERSION = YES;
				CLANG_WARN_INFINITE_RECURSION = YES;
				CLANG_WARN_INT_CONVERSION = YES;
				CLANG_WARN_OBJC_ROOT_CLASS = YES_ERROR;
				CLANG_WARN_SUSPICIOUS_MOVE = YES;
				CLANG_WARN_UNREACHABLE_CODE = YES;
				CLANG_WARN__DUPLICATE_METHOD_MATCH = YES;
				CODE_SIGN_IDENTITY = "-";
				COPY_PHASE_STRIP = NO;
				DEBUG_INFORMATION_FORMAT = "dwarf-with-dsym";
				ENABLE_NS_ASSERTIONS = NO;
				ENABLE_STRICT_OBJC_MSGSEND = YES;
				GCC_C_LANGUAGE_STANDARD = gnu99;
				GCC_INLINES_ARE_PRIVATE_EXTERN = YES;
				GCC_NO_COMMON_BLOCKS = YES;
				GCC_SYMBOLS_PRIVATE_EXTERN = YES;
				GCC_WARN_64_TO_32_BIT_CONVERSION = YES;
				GCC_WARN_ABOUT_RETURN_TYPE = YES_ERROR;
				GCC_WARN_UNDECLARED_SELECTOR = YES;
				GCC_WARN_UNINITIALIZED_AUTOS = YES_AGGRESSIVE;
				GCC_WARN_UNUSED_FUNCTION = YES;
				GCC_WARN_UNUSED_VARIABLE = YES;
				HEADER_SEARCH_PATHS = (
					"\"$PROJECT_DIR/../include/\"",
					"\"$PROJECT_DIR/../../et-engine/include\"",
				);
				MACOSX_DEPLOYMENT_TARGET = 10.12;
				MTL_ENABLE_DEBUG_INFO = NO;
				SDKROOT = macosx;
				WARNING_CFLAGS = "-Wall";
			};
			name = Release;
		};
		5C7476741EDDD94700748DA9 /* Debug */ = {
			isa = XCBuildConfiguration;
			buildSettings = {
				DEVELOPMENT_TEAM = JQC2862XB5;
				EXECUTABLE_PREFIX = lib;
				GCC_ENABLE_CPP_EXCEPTIONS = YES;
				GCC_ENABLE_CPP_RTTI = YES;
				PRODUCT_NAME = "$(TARGET_NAME)";
			};
			name = Debug;
		};
		5C7476751EDDD94700748DA9 /* Release */ = {
			isa = XCBuildConfiguration;
			buildSettings = {
				DEVELOPMENT_TEAM = JQC2862XB5;
				EXECUTABLE_PREFIX = lib;
				GCC_ENABLE_CPP_EXCEPTIONS = YES;
				GCC_ENABLE_CPP_RTTI = YES;
				PRODUCT_NAME = "$(TARGET_NAME)";
			};
			name = Release;
		};
/* End XCBuildConfiguration section */

/* Begin XCConfigurationList section */
		5C7476631EDDD94700748DA9 /* Build configuration list for PBXProject "et-ext-static" */ = {
			isa = XCConfigurationList;
			buildConfigurations = (
				5C7476711EDDD94700748DA9 /* Debug */,
				5C7476721EDDD94700748DA9 /* Release */,
			);
			defaultConfigurationIsVisible = 0;
			defaultConfigurationName = Release;
		};
		5C7476731EDDD94700748DA9 /* Build configuration list for PBXNativeTarget "et-ext-static" */ = {
			isa = XCConfigurationList;
			buildConfigurations = (
				5C7476741EDDD94700748DA9 /* Debug */,
				5C7476751EDDD94700748DA9 /* Release */,
			);
			defaultConfigurationIsVisible = 0;
			defaultConfigurationName = Release;
		};
/* End XCConfigurationList section */
	};
	rootObject = 5C7476601EDDD94700748DA9 /* Project object */;
}
