// !$*UTF8*$!
{
	archiveVersion = 1;
	classes = {
	};
	objectVersion = 46;
	objects = {

/* Begin PBXBuildFile section */
		5C7477341EDDDE4700748DA9 /* scene2d.pack.cxx in Sources */ = {isa = PBXBuildFile; fileRef = 5C7477021EDDDE4700748DA9 /* scene2d.pack.cxx */; };
		5C7477361EDDDE4700748DA9 /* baseclasses.h in Headers */ = {isa = PBXBuildFile; fileRef = 5C7477041EDDDE4700748DA9 /* baseclasses.h */; };
		5C7477381EDDDE4700748DA9 /* baseconst.h in Headers */ = {isa = PBXBuildFile; fileRef = 5C7477051EDDDE4700748DA9 /* baseconst.h */; };
		5C74773C1EDDDE4700748DA9 /* button.h in Headers */ = {isa = PBXBuildFile; fileRef = 5C7477071EDDDE4700748DA9 /* button.h */; };
		5C7477401EDDDE4700748DA9 /* charactergenerator.h in Headers */ = {isa = PBXBuildFile; fileRef = 5C7477091EDDDE4700748DA9 /* charactergenerator.h */; };
		5C7477461EDDDE4700748DA9 /* element2d.h in Headers */ = {isa = PBXBuildFile; fileRef = 5C74770C1EDDDE4700748DA9 /* element2d.h */; };
		5C74774A1EDDDE4700748DA9 /* font.h in Headers */ = {isa = PBXBuildFile; fileRef = 5C74770E1EDDDE4700748DA9 /* font.h */; };
		5C74774C1EDDDE4700748DA9 /* fontbase.h in Headers */ = {isa = PBXBuildFile; fileRef = 5C74770F1EDDDE4700748DA9 /* fontbase.h */; };
		5C7477501EDDDE4700748DA9 /* fullscreenelement.h in Headers */ = {isa = PBXBuildFile; fileRef = 5C7477111EDDDE4700748DA9 /* fullscreenelement.h */; };
		5C7477541EDDDE4700748DA9 /* imageview.h in Headers */ = {isa = PBXBuildFile; fileRef = 5C7477131EDDDE4700748DA9 /* imageview.h */; };
		5C7477581EDDDE4700748DA9 /* label.h in Headers */ = {isa = PBXBuildFile; fileRef = 5C7477151EDDDE4700748DA9 /* label.h */; };
		5C74775C1EDDDE4700748DA9 /* layout.h in Headers */ = {isa = PBXBuildFile; fileRef = 5C7477171EDDDE4700748DA9 /* layout.h */; };
		5C7477601EDDDE4700748DA9 /* line.h in Headers */ = {isa = PBXBuildFile; fileRef = 5C7477191EDDDE4700748DA9 /* line.h */; };
		5C7477641EDDDE4700748DA9 /* listbox.h in Headers */ = {isa = PBXBuildFile; fileRef = 5C74771B1EDDDE4700748DA9 /* listbox.h */; };
		5C7477681EDDDE4700748DA9 /* particleselement.h in Headers */ = {isa = PBXBuildFile; fileRef = 5C74771D1EDDDE4700748DA9 /* particleselement.h */; };
		5C74776C1EDDDE4700748DA9 /* renderingelement.h in Headers */ = {isa = PBXBuildFile; fileRef = 5C74771F1EDDDE4700748DA9 /* renderingelement.h */; };
		5C7477701EDDDE4700748DA9 /* scene.h in Headers */ = {isa = PBXBuildFile; fileRef = 5C7477211EDDDE4700748DA9 /* scene.h */; };
		5C7477741EDDDE4700748DA9 /* scenerenderer.h in Headers */ = {isa = PBXBuildFile; fileRef = 5C7477231EDDDE4700748DA9 /* scenerenderer.h */; };
		5C7477781EDDDE4700748DA9 /* scroll.h in Headers */ = {isa = PBXBuildFile; fileRef = 5C7477251EDDDE4700748DA9 /* scroll.h */; };
		5C74777C1EDDDE4700748DA9 /* slider.h in Headers */ = {isa = PBXBuildFile; fileRef = 5C7477271EDDDE4700748DA9 /* slider.h */; };
		5C7477801EDDDE4700748DA9 /* table.h in Headers */ = {isa = PBXBuildFile; fileRef = 5C7477291EDDDE4700748DA9 /* table.h */; };
		5C7477841EDDDE4700748DA9 /* textelement.h in Headers */ = {isa = PBXBuildFile; fileRef = 5C74772B1EDDDE4700748DA9 /* textelement.h */; };
		5C7477881EDDDE4700748DA9 /* textfield.h in Headers */ = {isa = PBXBuildFile; fileRef = 5C74772D1EDDDE4700748DA9 /* textfield.h */; };
		5C74778C1EDDDE4700748DA9 /* textureatlas.h in Headers */ = {isa = PBXBuildFile; fileRef = 5C74772F1EDDDE4700748DA9 /* textureatlas.h */; };
		5C7477901EDDDE4700748DA9 /* textureatlaswriter.h in Headers */ = {isa = PBXBuildFile; fileRef = 5C7477311EDDDE4700748DA9 /* textureatlaswriter.h */; };
		5C7477941EDDDE4700748DA9 /* vertexbuilder.h in Headers */ = {isa = PBXBuildFile; fileRef = 5C7477331EDDDE4700748DA9 /* vertexbuilder.h */; };
/* End PBXBuildFile section */

/* Begin PBXFileReference section */
		5C7476681EDDD94700748DA9 /* libet-ext-static.a */ = {isa = PBXFileReference; explicitFileType = archive.ar; includeInIndex = 0; path = "libet-ext-static.a"; sourceTree = BUILT_PRODUCTS_DIR; };
		5C7477021EDDDE4700748DA9 /* scene2d.pack.cxx */ = {isa = PBXFileReference; fileEncoding = 4; lastKnownFileType = sourcecode.cpp.cpp; path = scene2d.pack.cxx; sourceTree = "<group>"; };
		5C7477041EDDDE4700748DA9 /* baseclasses.h */ = {isa = PBXFileReference; fileEncoding = 4; lastKnownFileType = sourcecode.c.h; path = baseclasses.h; sourceTree = "<group>"; };
		5C7477051EDDDE4700748DA9 /* baseconst.h */ = {isa = PBXFileReference; fileEncoding = 4; lastKnownFileType = sourcecode.c.h; path = baseconst.h; sourceTree = "<group>"; };
		5C7477071EDDDE4700748DA9 /* button.h */ = {isa = PBXFileReference; fileEncoding = 4; lastKnownFileType = sourcecode.c.h; path = button.h; sourceTree = "<group>"; };
		5C7477091EDDDE4700748DA9 /* charactergenerator.h */ = {isa = PBXFileReference; fileEncoding = 4; lastKnownFileType = sourcecode.c.h; path = charactergenerator.h; sourceTree = "<group>"; };
		5C74770C1EDDDE4700748DA9 /* element2d.h */ = {isa = PBXFileReference; fileEncoding = 4; lastKnownFileType = sourcecode.c.h; path = element2d.h; sourceTree = "<group>"; };
		5C74770E1EDDDE4700748DA9 /* font.h */ = {isa = PBXFileReference; fileEncoding = 4; lastKnownFileType = sourcecode.c.h; path = font.h; sourceTree = "<group>"; };
		5C74770F1EDDDE4700748DA9 /* fontbase.h */ = {isa = PBXFileReference; fileEncoding = 4; lastKnownFileType = sourcecode.c.h; path = fontbase.h; sourceTree = "<group>"; };
		5C7477111EDDDE4700748DA9 /* fullscreenelement.h */ = {isa = PBXFileReference; fileEncoding = 4; lastKnownFileType = sourcecode.c.h; path = fullscreenelement.h; sourceTree = "<group>"; };
		5C7477131EDDDE4700748DA9 /* imageview.h */ = {isa = PBXFileReference; fileEncoding = 4; lastKnownFileType = sourcecode.c.h; path = imageview.h; sourceTree = "<group>"; };
		5C7477151EDDDE4700748DA9 /* label.h */ = {isa = PBXFileReference; fileEncoding = 4; lastKnownFileType = sourcecode.c.h; path = label.h; sourceTree = "<group>"; };
		5C7477171EDDDE4700748DA9 /* layout.h */ = {isa = PBXFileReference; fileEncoding = 4; lastKnownFileType = sourcecode.c.h; path = layout.h; sourceTree = "<group>"; };
		5C7477191EDDDE4700748DA9 /* line.h */ = {isa = PBXFileReference; fileEncoding = 4; lastKnownFileType = sourcecode.c.h; path = line.h; sourceTree = "<group>"; };
		5C74771B1EDDDE4700748DA9 /* listbox.h */ = {isa = PBXFileReference; fileEncoding = 4; lastKnownFileType = sourcecode.c.h; path = listbox.h; sourceTree = "<group>"; };
		5C74771D1EDDDE4700748DA9 /* particleselement.h */ = {isa = PBXFileReference; fileEncoding = 4; lastKnownFileType = sourcecode.c.h; path = particleselement.h; sourceTree = "<group>"; };
		5C74771F1EDDDE4700748DA9 /* renderingelement.h */ = {isa = PBXFileReference; fileEncoding = 4; lastKnownFileType = sourcecode.c.h; path = renderingelement.h; sourceTree = "<group>"; };
		5C7477211EDDDE4700748DA9 /* scene.h */ = {isa = PBXFileReference; fileEncoding = 4; lastKnownFileType = sourcecode.c.h; path = scene.h; sourceTree = "<group>"; };
		5C7477231EDDDE4700748DA9 /* scenerenderer.h */ = {isa = PBXFileReference; fileEncoding = 4; lastKnownFileType = sourcecode.c.h; path = scenerenderer.h; sourceTree = "<group>"; };
		5C7477251EDDDE4700748DA9 /* scroll.h */ = {isa = PBXFileReference; fileEncoding = 4; lastKnownFileType = sourcecode.c.h; path = scroll.h; sourceTree = "<group>"; };
		5C7477271EDDDE4700748DA9 /* slider.h */ = {isa = PBXFileReference; fileEncoding = 4; lastKnownFileType = sourcecode.c.h; path = slider.h; sourceTree = "<group>"; };
		5C7477291EDDDE4700748DA9 /* table.h */ = {isa = PBXFileReference; fileEncoding = 4; lastKnownFileType = sourcecode.c.h; path = table.h; sourceTree = "<group>"; };
		5C74772B1EDDDE4700748DA9 /* textelement.h */ = {isa = PBXFileReference; fileEncoding = 4; lastKnownFileType = sourcecode.c.h; path = textelement.h; sourceTree = "<group>"; };
		5C74772D1EDDDE4700748DA9 /* textfield.h */ = {isa = PBXFileReference; fileEncoding = 4; lastKnownFileType = sourcecode.c.h; path = textfield.h; sourceTree = "<group>"; };
		5C74772F1EDDDE4700748DA9 /* textureatlas.h */ = {isa = PBXFileReference; fileEncoding = 4; lastKnownFileType = sourcecode.c.h; path = textureatlas.h; sourceTree = "<group>"; };
		5C7477311EDDDE4700748DA9 /* textureatlaswriter.h */ = {isa = PBXFileReference; fileEncoding = 4; lastKnownFileType = sourcecode.c.h; path = textureatlaswriter.h; sourceTree = "<group>"; };
		5C7477331EDDDE4700748DA9 /* vertexbuilder.h */ = {isa = PBXFileReference; fileEncoding = 4; lastKnownFileType = sourcecode.c.h; path = vertexbuilder.h; sourceTree = "<group>"; };
/* End PBXFileReference section */

/* Begin PBXFrameworksBuildPhase section */
		5C7476651EDDD94700748DA9 /* Frameworks */ = {
			isa = PBXFrameworksBuildPhase;
			buildActionMask = 2147483647;
			files = (
			);
			runOnlyForDeploymentPostprocessing = 0;
		};
/* End PBXFrameworksBuildPhase section */

/* Begin PBXGroup section */
		5C74765F1EDDD94700748DA9 = {
			isa = PBXGroup;
			children = (
				5C7477011EDDDE4700748DA9 /* compile_packs */,
				5C7477031EDDDE4700748DA9 /* scene2d */,
				5C7476691EDDD94700748DA9 /* Products */,
			);
			sourceTree = "<group>";
		};
		5C7476691EDDD94700748DA9 /* Products */ = {
			isa = PBXGroup;
			children = (
				5C7476681EDDD94700748DA9 /* libet-ext-static.a */,
			);
			name = Products;
			sourceTree = "<group>";
		};
		5C7477011EDDDE4700748DA9 /* compile_packs */ = {
			isa = PBXGroup;
			children = (
				5C7477021EDDDE4700748DA9 /* scene2d.pack.cxx */,
			);
			name = compile_packs;
			path = "../include/et-ext/compile_packs";
			sourceTree = "<group>";
		};
		5C7477031EDDDE4700748DA9 /* scene2d */ = {
			isa = PBXGroup;
			children = (
				5C7477041EDDDE4700748DA9 /* baseclasses.h */,
				5C7477051EDDDE4700748DA9 /* baseconst.h */,
				5C7477071EDDDE4700748DA9 /* button.h */,
				5C7477091EDDDE4700748DA9 /* charactergenerator.h */,
				5C74770C1EDDDE4700748DA9 /* element2d.h */,
				5C74770E1EDDDE4700748DA9 /* font.h */,
				5C74770F1EDDDE4700748DA9 /* fontbase.h */,
				5C7477111EDDDE4700748DA9 /* fullscreenelement.h */,
				5C7477131EDDDE4700748DA9 /* imageview.h */,
				5C7477151EDDDE4700748DA9 /* label.h */,
				5C7477171EDDDE4700748DA9 /* layout.h */,
				5C7477191EDDDE4700748DA9 /* line.h */,
				5C74771B1EDDDE4700748DA9 /* listbox.h */,
				5C74771D1EDDDE4700748DA9 /* particleselement.h */,
				5C74771F1EDDDE4700748DA9 /* renderingelement.h */,
				5C7477211EDDDE4700748DA9 /* scene.h */,
				5C7477231EDDDE4700748DA9 /* scenerenderer.h */,
				5C7477251EDDDE4700748DA9 /* scroll.h */,
				5C7477271EDDDE4700748DA9 /* slider.h */,
				5C7477291EDDDE4700748DA9 /* table.h */,
				5C74772B1EDDDE4700748DA9 /* textelement.h */,
				5C74772D1EDDDE4700748DA9 /* textfield.h */,
				5C74772F1EDDDE4700748DA9 /* textureatlas.h */,
				5C7477311EDDDE4700748DA9 /* textureatlaswriter.h */,
				5C7477331EDDDE4700748DA9 /* vertexbuilder.h */,
			);
			name = scene2d;
			path = "../include/et-ext/scene2d";
			sourceTree = "<group>";
		};
/* End PBXGroup section */

/* Begin PBXHeadersBuildPhase section */
		5C7476661EDDD94700748DA9 /* Headers */ = {
			isa = PBXHeadersBuildPhase;
			buildActionMask = 2147483647;
			files = (
				5C7477361EDDDE4700748DA9 /* baseclasses.h in Headers */,
				5C74774C1EDDDE4700748DA9 /* fontbase.h in Headers */,
				5C74776C1EDDDE4700748DA9 /* renderingelement.h in Headers */,
				5C7477461EDDDE4700748DA9 /* element2d.h in Headers */,
				5C74773C1EDDDE4700748DA9 /* button.h in Headers */,
				5C7477801EDDDE4700748DA9 /* table.h in Headers */,
				5C74775C1EDDDE4700748DA9 /* layout.h in Headers */,
				5C7477941EDDDE4700748DA9 /* vertexbuilder.h in Headers */,
				5C7477641EDDDE4700748DA9 /* listbox.h in Headers */,
				5C74778C1EDDDE4700748DA9 /* textureatlas.h in Headers */,
				5C7477401EDDDE4700748DA9 /* charactergenerator.h in Headers */,
				5C7477581EDDDE4700748DA9 /* label.h in Headers */,
				5C7477881EDDDE4700748DA9 /* textfield.h in Headers */,
				5C7477781EDDDE4700748DA9 /* scroll.h in Headers */,
				5C7477901EDDDE4700748DA9 /* textureatlaswriter.h in Headers */,
				5C7477741EDDDE4700748DA9 /* scenerenderer.h in Headers */,
				5C7477381EDDDE4700748DA9 /* baseconst.h in Headers */,
				5C7477601EDDDE4700748DA9 /* line.h in Headers */,
				5C7477701EDDDE4700748DA9 /* scene.h in Headers */,
				5C7477501EDDDE4700748DA9 /* fullscreenelement.h in Headers */,
				5C7477841EDDDE4700748DA9 /* textelement.h in Headers */,
				5C7477681EDDDE4700748DA9 /* particleselement.h in Headers */,
				5C74774A1EDDDE4700748DA9 /* font.h in Headers */,
				5C7477541EDDDE4700748DA9 /* imageview.h in Headers */,
				5C74777C1EDDDE4700748DA9 /* slider.h in Headers */,
			);
			runOnlyForDeploymentPostprocessing = 0;
		};
/* End PBXHeadersBuildPhase section */

/* Begin PBXNativeTarget section */
		5C7476671EDDD94700748DA9 /* et-ext-static */ = {
			isa = PBXNativeTarget;
			buildConfigurationList = 5C7476731EDDD94700748DA9 /* Build configuration list for PBXNativeTarget "et-ext-static" */;
			buildPhases = (
				5C7476641EDDD94700748DA9 /* Sources */,
				5C7476651EDDD94700748DA9 /* Frameworks */,
				5C7476661EDDD94700748DA9 /* Headers */,
			);
			buildRules = (
			);
			dependencies = (
			);
			name = "et-ext-static";
			productName = "et-ext-static";
			productReference = 5C7476681EDDD94700748DA9 /* libet-ext-static.a */;
			productType = "com.apple.product-type.library.static";
		};
/* End PBXNativeTarget section */

/* Begin PBXProject section */
		5C7476601EDDD94700748DA9 /* Project object */ = {
			isa = PBXProject;
			attributes = {
				LastUpgradeCheck = 0830;
				ORGANIZATIONNAME = "Sergey Reznik";
				TargetAttributes = {
					5C7476671EDDD94700748DA9 = {
						CreatedOnToolsVersion = 8.3.2;
						DevelopmentTeam = JQC2862XB5;
						ProvisioningStyle = Automatic;
					};
				};
			};
			buildConfigurationList = 5C7476631EDDD94700748DA9 /* Build configuration list for PBXProject "et-ext-static" */;
			compatibilityVersion = "Xcode 3.2";
			developmentRegion = English;
			hasScannedForEncodings = 0;
			knownRegions = (
				en,
			);
			mainGroup = 5C74765F1EDDD94700748DA9;
			productRefGroup = 5C7476691EDDD94700748DA9 /* Products */;
			projectDirPath = "";
			projectRoot = "";
			targets = (
				5C7476671EDDD94700748DA9 /* et-ext-static */,
			);
		};
/* End PBXProject section */

/* Begin PBXSourcesBuildPhase section */
		5C7476641EDDD94700748DA9 /* Sources */ = {
			isa = PBXSourcesBuildPhase;
			buildActionMask = 2147483647;
			files = (
				5C7477341EDDDE4700748DA9 /* scene2d.pack.cxx in Sources */,
			);
			runOnlyForDeploymentPostprocessing = 0;
		};
/* End PBXSourcesBuildPhase section */

/* Begin XCBuildConfiguration section */
		5C7476711EDDD94700748DA9 /* Debug */ = {
			isa = XCBuildConfiguration;
			buildSettings = {
				ALWAYS_SEARCH_USER_PATHS = NO;
				CLANG_ANALYZER_NONNULL = YES;
				CLANG_ANALYZER_NUMBER_OBJECT_CONVERSION = YES_AGGRESSIVE;
				CLANG_CXX_LANGUAGE_STANDARD = "gnu++0x";
				CLANG_CXX_LIBRARY = "libc++";
				CLANG_ENABLE_MODULES = YES;
				CLANG_ENABLE_OBJC_ARC = YES;
				CLANG_WARN_BOOL_CONVERSION = YES;
				CLANG_WARN_CONSTANT_CONVERSION = YES;
				CLANG_WARN_DIRECT_OBJC_ISA_USAGE = YES_ERROR;
				CLANG_WARN_DOCUMENTATION_COMMENTS = YES;
				CLANG_WARN_EMPTY_BODY = YES;
				CLANG_WARN_ENUM_CONVERSION = YES;
				CLANG_WARN_INFINITE_RECURSION = YES;
				CLANG_WARN_INT_CONVERSION = YES;
				CLANG_WARN_OBJC_ROOT_CLASS = YES_ERROR;
				CLANG_WARN_SUSPICIOUS_MOVE = YES;
				CLANG_WARN_UNREACHABLE_CODE = YES;
				CLANG_WARN__DUPLICATE_METHOD_MATCH = YES;
				CODE_SIGN_IDENTITY = "-";
				COPY_PHASE_STRIP = NO;
				DEBUG_INFORMATION_FORMAT = dwarf;
				ENABLE_STRICT_OBJC_MSGSEND = YES;
				ENABLE_TESTABILITY = YES;
				GCC_C_LANGUAGE_STANDARD = gnu99;
				GCC_DYNAMIC_NO_PIC = NO;
				GCC_NO_COMMON_BLOCKS = YES;
				GCC_OPTIMIZATION_LEVEL = 0;
				GCC_PREPROCESSOR_DEFINITIONS = (
					"DEBUG=1",
					"$(inherited)",
				);
				GCC_WARN_64_TO_32_BIT_CONVERSION = YES;
				GCC_WARN_ABOUT_RETURN_TYPE = YES_ERROR;
				GCC_WARN_UNDECLARED_SELECTOR = YES;
				GCC_WARN_UNINITIALIZED_AUTOS = YES_AGGRESSIVE;
				GCC_WARN_UNUSED_FUNCTION = YES;
				GCC_WARN_UNUSED_VARIABLE = YES;
				HEADER_SEARCH_PATHS = (
					"\"$PROJECT_DIR/../include/\"",
					"\"$PROJECT_DIR/../../et-engine/include\"",
				);
				LIBRARY_SEARCH_PATHS = "\"$PROJECT_DIR/../lib/macos\"";
				MACOSX_DEPLOYMENT_TARGET = 10.12;
				MTL_ENABLE_DEBUG_INFO = YES;
				ONLY_ACTIVE_ARCH = YES;
				OTHER_LDFLAGS = "-lfreetype";
				SDKROOT = macosx;
				WARNING_CFLAGS = "-Wall";
			};
			name = Debug;
		};
		5C7476721EDDD94700748DA9 /* Release */ = {
			isa = XCBuildConfiguration;
			buildSettings = {
				ALWAYS_SEARCH_USER_PATHS = NO;
				CLANG_ANALYZER_NONNULL = YES;
				CLANG_ANALYZER_NUMBER_OBJECT_CONVERSION = YES_AGGRESSIVE;
				CLANG_CXX_LANGUAGE_STANDARD = "gnu++0x";
				CLANG_CXX_LIBRARY = "libc++";
				CLANG_ENABLE_MODULES = YES;
				CLANG_ENABLE_OBJC_ARC = YES;
				CLANG_WARN_BOOL_CONVERSION = YES;
				CLANG_WARN_CONSTANT_CONVERSION = YES;
				CLANG_WARN_DIRECT_OBJC_ISA_USAGE = YES_ERROR;
				CLANG_WARN_DOCUMENTATION_COMMENTS = YES;
				CLANG_WARN_EMPTY_BODY = YES;
				CLANG_WARN_ENUM_CONVERSION = YES;
				CLANG_WARN_INFINITE_RECURSION = YES;
				CLANG_WARN_INT_CONVERSION = YES;
				CLANG_WARN_OBJC_ROOT_CLASS = YES_ERROR;
				CLANG_WARN_SUSPICIOUS_MOVE = YES;
				CLANG_WARN_UNREACHABLE_CODE = YES;
				CLANG_WARN__DUPLICATE_METHOD_MATCH = YES;
				CODE_SIGN_IDENTITY = "-";
				COPY_PHASE_STRIP = NO;
				DEBUG_INFORMATION_FORMAT = "dwarf-with-dsym";
				ENABLE_NS_ASSERTIONS = NO;
				ENABLE_STRICT_OBJC_MSGSEND = YES;
				GCC_C_LANGUAGE_STANDARD = gnu99;
				GCC_NO_COMMON_BLOCKS = YES;
				GCC_WARN_64_TO_32_BIT_CONVERSION = YES;
				GCC_WARN_ABOUT_RETURN_TYPE = YES_ERROR;
				GCC_WARN_UNDECLARED_SELECTOR = YES;
				GCC_WARN_UNINITIALIZED_AUTOS = YES_AGGRESSIVE;
				GCC_WARN_UNUSED_FUNCTION = YES;
				GCC_WARN_UNUSED_VARIABLE = YES;
				HEADER_SEARCH_PATHS = (
					"\"$PROJECT_DIR/../include/\"",
					"\"$PROJECT_DIR/../../et-engine/include\"",
				);
				LIBRARY_SEARCH_PATHS = "\"$PROJECT_DIR/../lib/macos\"";
				MACOSX_DEPLOYMENT_TARGET = 10.12;
				MTL_ENABLE_DEBUG_INFO = NO;
				OTHER_LDFLAGS = "-lfreetype";
				SDKROOT = macosx;
				WARNING_CFLAGS = "-Wall";
			};
			name = Release;
		};
		5C7476741EDDD94700748DA9 /* Debug */ = {
			isa = XCBuildConfiguration;
			buildSettings = {
				DEVELOPMENT_TEAM = JQC2862XB5;
				EXECUTABLE_PREFIX = lib;
				GCC_ENABLE_CPP_EXCEPTIONS = YES;
				GCC_ENABLE_CPP_RTTI = YES;
				PRODUCT_NAME = "$(TARGET_NAME)";
			};
			name = Debug;
		};
		5C7476751EDDD94700748DA9 /* Release */ = {
			isa = XCBuildConfiguration;
			buildSettings = {
				DEVELOPMENT_TEAM = JQC2862XB5;
				EXECUTABLE_PREFIX = lib;
				GCC_ENABLE_CPP_EXCEPTIONS = YES;
				GCC_ENABLE_CPP_RTTI = YES;
				PRODUCT_NAME = "$(TARGET_NAME)";
			};
			name = Release;
		};
/* End XCBuildConfiguration section */

/* Begin XCConfigurationList section */
		5C7476631EDDD94700748DA9 /* Build configuration list for PBXProject "et-ext-static" */ = {
			isa = XCConfigurationList;
			buildConfigurations = (
				5C7476711EDDD94700748DA9 /* Debug */,
				5C7476721EDDD94700748DA9 /* Release */,
			);
			defaultConfigurationIsVisible = 0;
			defaultConfigurationName = Release;
		};
		5C7476731EDDD94700748DA9 /* Build configuration list for PBXNativeTarget "et-ext-static" */ = {
			isa = XCConfigurationList;
			buildConfigurations = (
				5C7476741EDDD94700748DA9 /* Debug */,
				5C7476751EDDD94700748DA9 /* Release */,
			);
			defaultConfigurationIsVisible = 0;
			defaultConfigurationName = Release;
		};
/* End XCConfigurationList section */
	};
	rootObject = 5C7476601EDDD94700748DA9 /* Project object */;
}
