<?xml version="1.0" encoding="utf-8"?>
<Project ToolsVersion="4.0" xmlns="http://schemas.microsoft.com/developer/msbuild/2003">
  <ItemGroup>
    <Filter Include="Source Files">
      <UniqueIdentifier>{4FC737F1-C7A5-4376-A066-2A32D752A2FF}</UniqueIdentifier>
      <Extensions>cpp;c;cc;cxx;def;odl;idl;hpj;bat;asm;asmx</Extensions>
    </Filter>
    <Filter Include="Source Files\UI">
      <UniqueIdentifier>{28771e8c-926c-465a-8049-abb9887f672d}</UniqueIdentifier>
    </Filter>
    <Filter Include="programs">
      <UniqueIdentifier>{2ae034a7-b7df-4c5b-baed-98985f9f3847}</UniqueIdentifier>
    </Filter>
  </ItemGroup>
  <ItemGroup>
    <ClCompile Include="..\source\renderer\DemoCameraController.cpp">
      <Filter>Source Files</Filter>
    </ClCompile>
    <ClCompile Include="..\source\renderer\DemoSceneLoader.cpp">
      <Filter>Source Files</Filter>
    </ClCompile>
    <ClCompile Include="..\source\renderer\DemoSceneRenderer.cpp">
      <Filter>Source Files</Filter>
    </ClCompile>
    <ClCompile Include="..\source\main.cpp">
      <Filter>Source Files</Filter>
    </ClCompile>
    <ClCompile Include="..\source\MainController.cpp">
      <Filter>Source Files</Filter>
    </ClCompile>
    <ClCompile Include="..\source\ui\MainUI.cpp">
      <Filter>Source Files\UI</Filter>
    </ClCompile>
  </ItemGroup>
  <ItemGroup>
    <ClInclude Include="..\source\renderer\DemoCameraController.h">
      <Filter>Source Files</Filter>
    </ClInclude>
    <ClInclude Include="..\source\renderer\DemoSceneLoader.h">
      <Filter>Source Files</Filter>
    </ClInclude>
    <ClInclude Include="..\source\renderer\DemoSceneRenderer.h">
      <Filter>Source Files</Filter>
    </ClInclude>
    <ClInclude Include="..\source\MainController.h">
      <Filter>Source Files</Filter>
    </ClInclude>
    <ClInclude Include="..\source\ui\MainUI.h">
      <Filter>Source Files\UI</Filter>
    </ClInclude>
  </ItemGroup>
  <ItemGroup>
    <None Include="..\data\shaders\ao.fsh">
      <Filter>programs</Filter>
    </None>
    <None Include="..\data\shaders\ao.program">
      <Filter>programs</Filter>
    </None>
    <None Include="..\data\shaders\ao.vsh">
      <Filter>programs</Filter>
    </None>
    <None Include="..\data\shaders\blur.fsh">
      <Filter>programs</Filter>
    </None>
    <None Include="..\data\shaders\blur.program">
      <Filter>programs</Filter>
    </None>
    <None Include="..\data\shaders\blur.vsh">
      <Filter>programs</Filter>
    </None>
    <None Include="..\data\shaders\final.fsh">
      <Filter>programs</Filter>
    </None>
    <None Include="..\data\shaders\final.program">
      <Filter>programs</Filter>
    </None>
    <None Include="..\data\shaders\final.vsh">
      <Filter>programs</Filter>
    </None>
    <None Include="..\data\shaders\prepass.fsh">
      <Filter>programs</Filter>
    </None>
    <None Include="..\data\shaders\prepass.program">
      <Filter>programs</Filter>
    </None>
    <None Include="..\data\shaders\prepass.vsh">
      <Filter>programs</Filter>
    </None>
    <None Include="..\data\shaders\deinterleave.fsh">
      <Filter>programs</Filter>
    </None>
    <None Include="..\data\shaders\deinterleave.program">
      <Filter>programs</Filter>
    </None>
    <None Include="..\data\shaders\deinterleave.vsh">
      <Filter>programs</Filter>
    </None>
    <None Include="..\data\shaders\interleave.fsh">
      <Filter>programs</Filter>
    </None>
    <None Include="..\data\shaders\interleave.program">
      <Filter>programs</Filter>
    </None>
    <None Include="..\data\shaders\interleave.vsh">
      <Filter>programs</Filter>
    </None>
    <None Include="..\data\shaders\ao-fixed.vsh">
      <Filter>programs</Filter>
    </None>
    <None Include="..\data\shaders\ao-fixed.program">
      <Filter>programs</Filter>
    </None>
    <None Include="..\data\shaders\ao-fixed.fsh">
      <Filter>programs</Filter>
    </None>
    <None Include="..\data\shaders\include\normals.fsh">
      <Filter>programs</Filter>
    </None>
    <None Include="..\data\shaders\include\viewspace.fsh">
      <Filter>programs</Filter>
    </None>
  </ItemGroup>
</Project>